// !$*UTF8*$!
{
	archiveVersion = 1;
	classes = {
	};
	objectVersion = 50;
	objects = {

/* Begin PBXBuildFile section */
		5F9B3CA720D5836900469C8B /* Pods_DribbbleTodoTests.framework in Frameworks */ = {isa = PBXBuildFile; fileRef = 2E922015D4C37290EC86C720 /* Pods_DribbbleTodoTests.framework */; };
		BD0961DF2282ECA800B666A2 /* Task+Equal.swift in Sources */ = {isa = PBXBuildFile; fileRef = BD0961DE2282ECA800B666A2 /* Task+Equal.swift */; };
		BD0961E12282EDC800B666A2 /* TaskEditViewControllerSpec.swift in Sources */ = {isa = PBXBuildFile; fileRef = BD0961E02282EDC800B666A2 /* TaskEditViewControllerSpec.swift */; };
		BD0961E32282EFA900B666A2 /* RxTestDispatcherSchedulers.swift in Sources */ = {isa = PBXBuildFile; fileRef = BD0961E22282EFA900B666A2 /* RxTestDispatcherSchedulers.swift */; };
		BD311143227D61A800FB8217 /* TestError.swift in Sources */ = {isa = PBXBuildFile; fileRef = BD311142227D61A800FB8217 /* TestError.swift */; };
		BD311146227D652200FB8217 /* Me.swift in Sources */ = {isa = PBXBuildFile; fileRef = BD311145227D652200FB8217 /* Me.swift */; };
		BD311148227D669F00FB8217 /* User+Map.swift in Sources */ = {isa = PBXBuildFile; fileRef = BD311147227D669F00FB8217 /* User+Map.swift */; };
		BD31114E227D78E600FB8217 /* UIAlertComponent.swift in Sources */ = {isa = PBXBuildFile; fileRef = BD31114D227D78E600FB8217 /* UIAlertComponent.swift */; };
		BD311151227D799E00FB8217 /* Localizable.strings in Resources */ = {isa = PBXBuildFile; fileRef = BD31114F227D799E00FB8217 /* Localizable.strings */; };
		BD311153227D7B4A00FB8217 /* UIViewController+UIAlertViewController.swift in Sources */ = {isa = PBXBuildFile; fileRef = BD311152227D7B4A00FB8217 /* UIViewController+UIAlertViewController.swift */; };
		BD311156227D820600FB8217 /* TaskEditViewController.swift in Sources */ = {isa = PBXBuildFile; fileRef = BD311155227D820600FB8217 /* TaskEditViewController.swift */; };
		BD311158227D820F00FB8217 /* TaskEditReactor.swift in Sources */ = {isa = PBXBuildFile; fileRef = BD311157227D820F00FB8217 /* TaskEditReactor.swift */; };
		BD31116C227D99E800FB8217 /* Date+Day.swift in Sources */ = {isa = PBXBuildFile; fileRef = BD31116B227D99E800FB8217 /* Date+Day.swift */; };
		BD311170227DBE4E00FB8217 /* Task.swift in Sources */ = {isa = PBXBuildFile; fileRef = BD31116F227DBE4E00FB8217 /* Task.swift */; };
		BD311172227DC10B00FB8217 /* Encodable+Dictionary.swift in Sources */ = {isa = PBXBuildFile; fileRef = BD311171227DC10B00FB8217 /* Encodable+Dictionary.swift */; };
		BD311176227DCB3100FB8217 /* TaskSection.swift in Sources */ = {isa = PBXBuildFile; fileRef = BD311175227DCB3100FB8217 /* TaskSection.swift */; };
		BD311178227DCB3F00FB8217 /* TaskViewModel.swift in Sources */ = {isa = PBXBuildFile; fileRef = BD311177227DCB3F00FB8217 /* TaskViewModel.swift */; };
		BD31117A227DCCF600FB8217 /* TaskViewCell.swift in Sources */ = {isa = PBXBuildFile; fileRef = BD311179227DCCF600FB8217 /* TaskViewCell.swift */; };
		BD31117C227DCD3200FB8217 /* SwiftNameIdentifier.swift in Sources */ = {isa = PBXBuildFile; fileRef = BD31117B227DCD3200FB8217 /* SwiftNameIdentifier.swift */; };
		BD311184227DD4C200FB8217 /* RealmConfiguration.swift in Sources */ = {isa = PBXBuildFile; fileRef = BD311183227DD4C200FB8217 /* RealmConfiguration.swift */; };
		BD311187227DD61A00FB8217 /* TaskListViewControllerSpec.swift in Sources */ = {isa = PBXBuildFile; fileRef = BD311186227DD61A00FB8217 /* TaskListViewControllerSpec.swift */; };
		BD311189227DD74A00FB8217 /* TaskServiceType.swift in Sources */ = {isa = PBXBuildFile; fileRef = BD311188227DD74A00FB8217 /* TaskServiceType.swift */; };
		BD31118B227DD7B600FB8217 /* TaskService.swift in Sources */ = {isa = PBXBuildFile; fileRef = BD31118A227DD7B600FB8217 /* TaskService.swift */; };
		BD31119F227DEA8700FB8217 /* TaskServiceSpec.swift in Sources */ = {isa = PBXBuildFile; fileRef = BD31119E227DEA8700FB8217 /* TaskServiceSpec.swift */; };
		BD3111A2227DEB4200FB8217 /* Task+Random.swift in Sources */ = {isa = PBXBuildFile; fileRef = BD3111A1227DEB4200FB8217 /* Task+Random.swift */; };
		BD3111A4227DEBF300FB8217 /* RandomText.swift in Sources */ = {isa = PBXBuildFile; fileRef = BD3111A3227DEBF300FB8217 /* RandomText.swift */; };
		BD3111A6227DF1D900FB8217 /* TaskListReactorSpec.swift in Sources */ = {isa = PBXBuildFile; fileRef = BD3111A5227DF1D900FB8217 /* TaskListReactorSpec.swift */; };
		BD3111A8227DF23F00FB8217 /* MockTaskServiceType+Mock.swift in Sources */ = {isa = PBXBuildFile; fileRef = BD3111A7227DF23F00FB8217 /* MockTaskServiceType+Mock.swift */; };
		BD3111AA227E72E200FB8217 /* UICollectionView+Cell.swift in Sources */ = {isa = PBXBuildFile; fileRef = BD3111A9227E72E200FB8217 /* UICollectionView+Cell.swift */; };
		BD3111AC227E767300FB8217 /* TaskEditContainer.swift in Sources */ = {isa = PBXBuildFile; fileRef = BD3111AB227E767300FB8217 /* TaskEditContainer.swift */; };
		BD3111AE227E76B700FB8217 /* RootContainer.swift in Sources */ = {isa = PBXBuildFile; fileRef = BD3111AD227E76B700FB8217 /* RootContainer.swift */; };
		BD3111B3227E79DD00FB8217 /* XibView.swift in Sources */ = {isa = PBXBuildFile; fileRef = BD3111B2227E79DD00FB8217 /* XibView.swift */; };
		BD3111B5227E79F000FB8217 /* UIView+Blur.swift in Sources */ = {isa = PBXBuildFile; fileRef = BD3111B4227E79F000FB8217 /* UIView+Blur.swift */; };
		BD3111B7227E79FB00FB8217 /* UIColor+Random.swift in Sources */ = {isa = PBXBuildFile; fileRef = BD3111B6227E79FB00FB8217 /* UIColor+Random.swift */; };
		BD3111B9227E7A0A00FB8217 /* UIView+Gradients.swift in Sources */ = {isa = PBXBuildFile; fileRef = BD3111B8227E7A0A00FB8217 /* UIView+Gradients.swift */; };
		BD3111BB227E7A5000FB8217 /* RoundShadowView.swift in Sources */ = {isa = PBXBuildFile; fileRef = BD3111BA227E7A5000FB8217 /* RoundShadowView.swift */; };
		BD3C9A9D22792CF600E51A34 /* AppDelegate.swift in Sources */ = {isa = PBXBuildFile; fileRef = BD3C9A9C22792CF600E51A34 /* AppDelegate.swift */; };
		BD3C9A9F22792CF600E51A34 /* ViewController.swift in Sources */ = {isa = PBXBuildFile; fileRef = BD3C9A9E22792CF600E51A34 /* ViewController.swift */; };
		BD3C9AA222792CF600E51A34 /* Main.storyboard in Resources */ = {isa = PBXBuildFile; fileRef = BD3C9AA022792CF600E51A34 /* Main.storyboard */; };
		BD3C9AA522792CF600E51A34 /* DribbbleTodo.xcdatamodeld in Sources */ = {isa = PBXBuildFile; fileRef = BD3C9AA322792CF600E51A34 /* DribbbleTodo.xcdatamodeld */; };
		BD3C9AA722792CF700E51A34 /* Assets.xcassets in Resources */ = {isa = PBXBuildFile; fileRef = BD3C9AA622792CF700E51A34 /* Assets.xcassets */; };
		BD3C9AAA22792CF700E51A34 /* LaunchScreen.storyboard in Resources */ = {isa = PBXBuildFile; fileRef = BD3C9AA822792CF700E51A34 /* LaunchScreen.storyboard */; };
		BD3C9AB522792CF800E51A34 /* DribbbleTodoTests.swift in Sources */ = {isa = PBXBuildFile; fileRef = BD3C9AB422792CF800E51A34 /* DribbbleTodoTests.swift */; };
		BD3C9AD022792DB900E51A34 /* Cartfile in Resources */ = {isa = PBXBuildFile; fileRef = BD3C9ACE22792DB900E51A34 /* Cartfile */; };
		BD3C9AD522792DCA00E51A34 /* Enviroment.plist in Resources */ = {isa = PBXBuildFile; fileRef = BD3C9AD322792DCA00E51A34 /* Enviroment.plist */; };
		BD3C9AE022792DD200E51A34 /* color.txt in Resources */ = {isa = PBXBuildFile; fileRef = BD3C9AD922792DD200E51A34 /* color.txt */; };
		BD3C9AE122792DD200E51A34 /* Assets.swift in Sources */ = {isa = PBXBuildFile; fileRef = BD3C9ADB22792DD200E51A34 /* Assets.swift */; };
		BD3C9AE222792DD200E51A34 /* L10n.swift in Sources */ = {isa = PBXBuildFile; fileRef = BD3C9ADC22792DD200E51A34 /* L10n.swift */; };
		BD3C9AE322792DD200E51A34 /* MyColor.swift in Sources */ = {isa = PBXBuildFile; fileRef = BD3C9ADD22792DD200E51A34 /* MyColor.swift */; };
		BD3C9AE422792DD200E51A34 /* Fonts.swift in Sources */ = {isa = PBXBuildFile; fileRef = BD3C9ADE22792DD200E51A34 /* Fonts.swift */; };
		BD3C9AE522792DD200E51A34 /* Plist.swift in Sources */ = {isa = PBXBuildFile; fileRef = BD3C9ADF22792DD200E51A34 /* Plist.swift */; };
		BD3C9AEC22792EB500E51A34 /* swiftgen.yml in Resources */ = {isa = PBXBuildFile; fileRef = BD3C9AEB22792EB500E51A34 /* swiftgen.yml */; };
		BD7840F4227B01A4001E5DEE /* CompositionRoot.swift in Sources */ = {isa = PBXBuildFile; fileRef = BD7840F3227B01A4001E5DEE /* CompositionRoot.swift */; };
		BD7840F8227B01C6001E5DEE /* SnapKit.framework in Frameworks */ = {isa = PBXBuildFile; fileRef = BD7840F5227B01C6001E5DEE /* SnapKit.framework */; };
		BD7840F9227B01C6001E5DEE /* SwiftyBeaver.framework in Frameworks */ = {isa = PBXBuildFile; fileRef = BD7840F6227B01C6001E5DEE /* SwiftyBeaver.framework */; };
		BD7840FA227B01C6001E5DEE /* Swinject.framework in Frameworks */ = {isa = PBXBuildFile; fileRef = BD7840F7227B01C6001E5DEE /* Swinject.framework */; };
		BD7840FD227B01F5001E5DEE /* SplashViewController.swift in Sources */ = {isa = PBXBuildFile; fileRef = BD7840FC227B01F5001E5DEE /* SplashViewController.swift */; };
		BD7840FF227B0220001E5DEE /* SplashReactor.swift in Sources */ = {isa = PBXBuildFile; fileRef = BD7840FE227B0220001E5DEE /* SplashReactor.swift */; };
		BD784101227B0242001E5DEE /* Logger.swift in Sources */ = {isa = PBXBuildFile; fileRef = BD784100227B0242001E5DEE /* Logger.swift */; };
		BD784103227B02A6001E5DEE /* HasDisposeBag.swift in Sources */ = {isa = PBXBuildFile; fileRef = BD784102227B02A6001E5DEE /* HasDisposeBag.swift */; };
		BD784107227B02E4001E5DEE /* TaskListViewController.swift in Sources */ = {isa = PBXBuildFile; fileRef = BD784106227B02E4001E5DEE /* TaskListViewController.swift */; };
		BD784109227B03C0001E5DEE /* main.swift in Sources */ = {isa = PBXBuildFile; fileRef = BD784108227B03C0001E5DEE /* main.swift */; };
		BD78410B227B04CB001E5DEE /* StubAppDelegate.swift in Sources */ = {isa = PBXBuildFile; fileRef = BD78410A227B04CB001E5DEE /* StubAppDelegate.swift */; };
		BD78410D227B04F2001E5DEE /* TestConfiguration.swift in Sources */ = {isa = PBXBuildFile; fileRef = BD78410C227B04F2001E5DEE /* TestConfiguration.swift */; };
		BDD1D4A22290F88800FFCC47 /* RxRealm.swift in Sources */ = {isa = PBXBuildFile; fileRef = BDD1D4A12290F88800FFCC47 /* RxRealm.swift */; };
		BDD1D4A42290F8AA00FFCC47 /* RealmObserver.swift in Sources */ = {isa = PBXBuildFile; fileRef = BDD1D4A32290F8AA00FFCC47 /* RealmObserver.swift */; };
		BDD1D4A6229101D900FFCC47 /* Task+ThreadSafe.swift in Sources */ = {isa = PBXBuildFile; fileRef = BDD1D4A5229101D900FFCC47 /* Task+ThreadSafe.swift */; };
		BDE1BDA4227D3C5900BE2419 /* LoginReactorSpec.swift in Sources */ = {isa = PBXBuildFile; fileRef = BDE1BDA3227D3C5900BE2419 /* LoginReactorSpec.swift */; };
		BDE1BDAB227D48DA00BE2419 /* LoginViewControllerSpec.swift in Sources */ = {isa = PBXBuildFile; fileRef = BDE1BDAA227D48DA00BE2419 /* LoginViewControllerSpec.swift */; };
		BDE1BDBA227D509400BE2419 /* GoogleService-Info-Test.plist in Resources */ = {isa = PBXBuildFile; fileRef = BDE1BDB8227D509300BE2419 /* GoogleService-Info-Test.plist */; };
		BDE1BDBB227D509400BE2419 /* GoogleService-Info.plist in Resources */ = {isa = PBXBuildFile; fileRef = BDE1BDB9227D509300BE2419 /* GoogleService-Info.plist */; };
		BDE7D21322917B2C009E75D7 /* ThreadInfo.swift in Sources */ = {isa = PBXBuildFile; fileRef = BDE7D21222917B2C009E75D7 /* ThreadInfo.swift */; };
		BDE7D21522918970009E75D7 /* EditingTask.swift in Sources */ = {isa = PBXBuildFile; fileRef = BDE7D21422918970009E75D7 /* EditingTask.swift */; };
		BDE9CC11227B295800191DB9 /* TaskListReactor.swift in Sources */ = {isa = PBXBuildFile; fileRef = BDE9CC10227B295800191DB9 /* TaskListReactor.swift */; };
		BDE9CC13227B29C300191DB9 /* UIViewController+Rx.swift in Sources */ = {isa = PBXBuildFile; fileRef = BDE9CC12227B29C300191DB9 /* UIViewController+Rx.swift */; };
		BDE9CC16227B2B6800191DB9 /* LoginViewController.swift in Sources */ = {isa = PBXBuildFile; fileRef = BDE9CC15227B2B6800191DB9 /* LoginViewController.swift */; };
		BDE9CC1A227B2BA900191DB9 /* SplashReactorSpec.swift in Sources */ = {isa = PBXBuildFile; fileRef = BDE9CC19227B2BA900191DB9 /* SplashReactorSpec.swift */; };
		BDE9CC1D227B2C9400191DB9 /* UserServiceType.swift in Sources */ = {isa = PBXBuildFile; fileRef = BDE9CC1C227B2C9400191DB9 /* UserServiceType.swift */; };
		BDE9CC1F227B2CF200191DB9 /* UserService.swift in Sources */ = {isa = PBXBuildFile; fileRef = BDE9CC1E227B2CF200191DB9 /* UserService.swift */; };
		BDE9CC22227B2EC400191DB9 /* GeneratedMocks.swift in Sources */ = {isa = PBXBuildFile; fileRef = BDE9CC21227B2EC400191DB9 /* GeneratedMocks.swift */; };
		BDE9CC25227B2F9400191DB9 /* Cuckoo.framework in Frameworks */ = {isa = PBXBuildFile; fileRef = BDE9CC24227B2F9400191DB9 /* Cuckoo.framework */; };
		BDE9CC27227B32BD00191DB9 /* SplashViewControllerSpec.swift in Sources */ = {isa = PBXBuildFile; fileRef = BDE9CC26227B32BD00191DB9 /* SplashViewControllerSpec.swift */; };
		BDE9CC2A227B352100191DB9 /* StubUserService.swift in Sources */ = {isa = PBXBuildFile; fileRef = BDE9CC29227B352100191DB9 /* StubUserService.swift */; };
		BDE9CC2C227B37A200191DB9 /* LoginReactor.swift in Sources */ = {isa = PBXBuildFile; fileRef = BDE9CC2B227B37A200191DB9 /* LoginReactor.swift */; };
		BDFC92752281ABB800D0370C /* ViewStyle.swift in Sources */ = {isa = PBXBuildFile; fileRef = BDFC92742281ABB800D0370C /* ViewStyle.swift */; };
		BDFC92772281ABCE00D0370C /* ViewStyle+UIButton.swift in Sources */ = {isa = PBXBuildFile; fileRef = BDFC92762281ABCE00D0370C /* ViewStyle+UIButton.swift */; };
		BDFC92792281AC2A00D0370C /* UIViewController+SafeArea.swift in Sources */ = {isa = PBXBuildFile; fileRef = BDFC92782281AC2A00D0370C /* UIViewController+SafeArea.swift */; };
		BDFC927C2281B1C700D0370C /* ConstraintViewDSL+Layout.swift in Sources */ = {isa = PBXBuildFile; fileRef = BDFC927B2281B1C700D0370C /* ConstraintViewDSL+Layout.swift */; };
		BDFC927F2281B71300D0370C /* TaskEditReactorSpec.swift in Sources */ = {isa = PBXBuildFile; fileRef = BDFC927E2281B71300D0370C /* TaskEditReactorSpec.swift */; };
		BDFC92842281D36700D0370C /* RxDispatcherSchedulers.swift in Sources */ = {isa = PBXBuildFile; fileRef = BDFC92832281D36700D0370C /* RxDispatcherSchedulers.swift */; };
		BDFC928622825D5700D0370C /* TaskListContainer.swift in Sources */ = {isa = PBXBuildFile; fileRef = BDFC928522825D5700D0370C /* TaskListContainer.swift */; };
		F84A1ADF1629B97D461148F7 /* Pods_DribbbleTodo.framework in Frameworks */ = {isa = PBXBuildFile; fileRef = 298B3403540F96143F191543 /* Pods_DribbbleTodo.framework */; };
/* End PBXBuildFile section */

/* Begin PBXContainerItemProxy section */
		BD3C9AB122792CF800E51A34 /* PBXContainerItemProxy */ = {
			isa = PBXContainerItemProxy;
			containerPortal = BD3C9A9122792CF600E51A34 /* Project object */;
			proxyType = 1;
			remoteGlobalIDString = BD3C9A9822792CF600E51A34;
			remoteInfo = DribbbleTodo;
		};
/* End PBXContainerItemProxy section */

/* Begin PBXFileReference section */
		0816C631EB36BFE551320FA8 /* Pods-DribbbleTodo.debug.xcconfig */ = {isa = PBXFileReference; includeInIndex = 1; lastKnownFileType = text.xcconfig; name = "Pods-DribbbleTodo.debug.xcconfig"; path = "Target Support Files/Pods-DribbbleTodo/Pods-DribbbleTodo.debug.xcconfig"; sourceTree = "<group>"; };
		2768187424550481D3C9F22E /* Pods-DribbbleTodoUITests.debug.xcconfig */ = {isa = PBXFileReference; includeInIndex = 1; lastKnownFileType = text.xcconfig; name = "Pods-DribbbleTodoUITests.debug.xcconfig"; path = "Target Support Files/Pods-DribbbleTodoUITests/Pods-DribbbleTodoUITests.debug.xcconfig"; sourceTree = "<group>"; };
		298B3403540F96143F191543 /* Pods_DribbbleTodo.framework */ = {isa = PBXFileReference; explicitFileType = wrapper.framework; includeInIndex = 0; path = Pods_DribbbleTodo.framework; sourceTree = BUILT_PRODUCTS_DIR; };
		2E922015D4C37290EC86C720 /* Pods_DribbbleTodoTests.framework */ = {isa = PBXFileReference; explicitFileType = wrapper.framework; includeInIndex = 0; path = Pods_DribbbleTodoTests.framework; sourceTree = BUILT_PRODUCTS_DIR; };
		43A5A1F95055CEDA4DEB982D /* Pods-DribbbleTodoTests.release.xcconfig */ = {isa = PBXFileReference; includeInIndex = 1; lastKnownFileType = text.xcconfig; name = "Pods-DribbbleTodoTests.release.xcconfig"; path = "Target Support Files/Pods-DribbbleTodoTests/Pods-DribbbleTodoTests.release.xcconfig"; sourceTree = "<group>"; };
		4C9AA46AAF51E6D15E901E73 /* Pods-DribbbleTodoTests.debug.xcconfig */ = {isa = PBXFileReference; includeInIndex = 1; lastKnownFileType = text.xcconfig; name = "Pods-DribbbleTodoTests.debug.xcconfig"; path = "Target Support Files/Pods-DribbbleTodoTests/Pods-DribbbleTodoTests.debug.xcconfig"; sourceTree = "<group>"; };
		4EB8D2B8CD419E46D0EBD8CC /* Pods-DribbbleTodoUITests.release.xcconfig */ = {isa = PBXFileReference; includeInIndex = 1; lastKnownFileType = text.xcconfig; name = "Pods-DribbbleTodoUITests.release.xcconfig"; path = "Target Support Files/Pods-DribbbleTodoUITests/Pods-DribbbleTodoUITests.release.xcconfig"; sourceTree = "<group>"; };
		B739655DA1A87115E1CE4D96 /* Pods-DribbbleTodo.release.xcconfig */ = {isa = PBXFileReference; includeInIndex = 1; lastKnownFileType = text.xcconfig; name = "Pods-DribbbleTodo.release.xcconfig"; path = "Target Support Files/Pods-DribbbleTodo/Pods-DribbbleTodo.release.xcconfig"; sourceTree = "<group>"; };
		BD0961DE2282ECA800B666A2 /* Task+Equal.swift */ = {isa = PBXFileReference; lastKnownFileType = sourcecode.swift; path = "Task+Equal.swift"; sourceTree = "<group>"; };
		BD0961E02282EDC800B666A2 /* TaskEditViewControllerSpec.swift */ = {isa = PBXFileReference; lastKnownFileType = sourcecode.swift; path = TaskEditViewControllerSpec.swift; sourceTree = "<group>"; };
		BD0961E22282EFA900B666A2 /* RxTestDispatcherSchedulers.swift */ = {isa = PBXFileReference; lastKnownFileType = sourcecode.swift; path = RxTestDispatcherSchedulers.swift; sourceTree = "<group>"; };
		BD311142227D61A800FB8217 /* TestError.swift */ = {isa = PBXFileReference; lastKnownFileType = sourcecode.swift; path = TestError.swift; sourceTree = "<group>"; };
		BD311145227D652200FB8217 /* Me.swift */ = {isa = PBXFileReference; lastKnownFileType = sourcecode.swift; path = Me.swift; sourceTree = "<group>"; };
		BD311147227D669F00FB8217 /* User+Map.swift */ = {isa = PBXFileReference; lastKnownFileType = sourcecode.swift; path = "User+Map.swift"; sourceTree = "<group>"; };
		BD31114D227D78E600FB8217 /* UIAlertComponent.swift */ = {isa = PBXFileReference; lastKnownFileType = sourcecode.swift; path = UIAlertComponent.swift; sourceTree = "<group>"; };
		BD311150227D799E00FB8217 /* Base */ = {isa = PBXFileReference; lastKnownFileType = text.plist.strings; name = Base; path = Base.lproj/Localizable.strings; sourceTree = "<group>"; };
		BD311152227D7B4A00FB8217 /* UIViewController+UIAlertViewController.swift */ = {isa = PBXFileReference; lastKnownFileType = sourcecode.swift; path = "UIViewController+UIAlertViewController.swift"; sourceTree = "<group>"; };
		BD311155227D820600FB8217 /* TaskEditViewController.swift */ = {isa = PBXFileReference; lastKnownFileType = sourcecode.swift; path = TaskEditViewController.swift; sourceTree = "<group>"; };
		BD311157227D820F00FB8217 /* TaskEditReactor.swift */ = {isa = PBXFileReference; lastKnownFileType = sourcecode.swift; path = TaskEditReactor.swift; sourceTree = "<group>"; };
		BD31116B227D99E800FB8217 /* Date+Day.swift */ = {isa = PBXFileReference; lastKnownFileType = sourcecode.swift; path = "Date+Day.swift"; sourceTree = "<group>"; };
		BD31116F227DBE4E00FB8217 /* Task.swift */ = {isa = PBXFileReference; lastKnownFileType = sourcecode.swift; path = Task.swift; sourceTree = "<group>"; };
		BD311171227DC10B00FB8217 /* Encodable+Dictionary.swift */ = {isa = PBXFileReference; lastKnownFileType = sourcecode.swift; path = "Encodable+Dictionary.swift"; sourceTree = "<group>"; };
		BD311175227DCB3100FB8217 /* TaskSection.swift */ = {isa = PBXFileReference; fileEncoding = 4; lastKnownFileType = sourcecode.swift; path = TaskSection.swift; sourceTree = "<group>"; };
		BD311177227DCB3F00FB8217 /* TaskViewModel.swift */ = {isa = PBXFileReference; lastKnownFileType = sourcecode.swift; path = TaskViewModel.swift; sourceTree = "<group>"; };
		BD311179227DCCF600FB8217 /* TaskViewCell.swift */ = {isa = PBXFileReference; lastKnownFileType = sourcecode.swift; path = TaskViewCell.swift; sourceTree = "<group>"; };
		BD31117B227DCD3200FB8217 /* SwiftNameIdentifier.swift */ = {isa = PBXFileReference; lastKnownFileType = sourcecode.swift; path = SwiftNameIdentifier.swift; sourceTree = "<group>"; };
		BD311183227DD4C200FB8217 /* RealmConfiguration.swift */ = {isa = PBXFileReference; lastKnownFileType = sourcecode.swift; path = RealmConfiguration.swift; sourceTree = "<group>"; };
		BD311186227DD61A00FB8217 /* TaskListViewControllerSpec.swift */ = {isa = PBXFileReference; lastKnownFileType = sourcecode.swift; path = TaskListViewControllerSpec.swift; sourceTree = "<group>"; };
		BD311188227DD74A00FB8217 /* TaskServiceType.swift */ = {isa = PBXFileReference; lastKnownFileType = sourcecode.swift; path = TaskServiceType.swift; sourceTree = "<group>"; };
		BD31118A227DD7B600FB8217 /* TaskService.swift */ = {isa = PBXFileReference; lastKnownFileType = sourcecode.swift; path = TaskService.swift; sourceTree = "<group>"; };
		BD31118C227DDA9F00FB8217 /* RxRealm.framework */ = {isa = PBXFileReference; explicitFileType = wrapper.framework; path = RxRealm.framework; sourceTree = BUILT_PRODUCTS_DIR; };
		BD311194227DDD0C00FB8217 /* RxRealm.framework */ = {isa = PBXFileReference; explicitFileType = wrapper.framework; path = RxRealm.framework; sourceTree = BUILT_PRODUCTS_DIR; };
		BD31119E227DEA8700FB8217 /* TaskServiceSpec.swift */ = {isa = PBXFileReference; lastKnownFileType = sourcecode.swift; path = TaskServiceSpec.swift; sourceTree = "<group>"; };
		BD3111A1227DEB4200FB8217 /* Task+Random.swift */ = {isa = PBXFileReference; lastKnownFileType = sourcecode.swift; path = "Task+Random.swift"; sourceTree = "<group>"; };
		BD3111A3227DEBF300FB8217 /* RandomText.swift */ = {isa = PBXFileReference; lastKnownFileType = sourcecode.swift; path = RandomText.swift; sourceTree = "<group>"; };
		BD3111A5227DF1D900FB8217 /* TaskListReactorSpec.swift */ = {isa = PBXFileReference; lastKnownFileType = sourcecode.swift; path = TaskListReactorSpec.swift; sourceTree = "<group>"; };
		BD3111A7227DF23F00FB8217 /* MockTaskServiceType+Mock.swift */ = {isa = PBXFileReference; lastKnownFileType = sourcecode.swift; path = "MockTaskServiceType+Mock.swift"; sourceTree = "<group>"; };
		BD3111A9227E72E200FB8217 /* UICollectionView+Cell.swift */ = {isa = PBXFileReference; lastKnownFileType = sourcecode.swift; path = "UICollectionView+Cell.swift"; sourceTree = "<group>"; };
		BD3111AB227E767300FB8217 /* TaskEditContainer.swift */ = {isa = PBXFileReference; lastKnownFileType = sourcecode.swift; path = TaskEditContainer.swift; sourceTree = "<group>"; };
		BD3111AD227E76B700FB8217 /* RootContainer.swift */ = {isa = PBXFileReference; lastKnownFileType = sourcecode.swift; path = RootContainer.swift; sourceTree = "<group>"; };
		BD3111B2227E79DD00FB8217 /* XibView.swift */ = {isa = PBXFileReference; lastKnownFileType = sourcecode.swift; path = XibView.swift; sourceTree = "<group>"; };
		BD3111B4227E79F000FB8217 /* UIView+Blur.swift */ = {isa = PBXFileReference; lastKnownFileType = sourcecode.swift; path = "UIView+Blur.swift"; sourceTree = "<group>"; };
		BD3111B6227E79FB00FB8217 /* UIColor+Random.swift */ = {isa = PBXFileReference; lastKnownFileType = sourcecode.swift; path = "UIColor+Random.swift"; sourceTree = "<group>"; };
		BD3111B8227E7A0A00FB8217 /* UIView+Gradients.swift */ = {isa = PBXFileReference; lastKnownFileType = sourcecode.swift; path = "UIView+Gradients.swift"; sourceTree = "<group>"; };
		BD3111BA227E7A5000FB8217 /* RoundShadowView.swift */ = {isa = PBXFileReference; lastKnownFileType = sourcecode.swift; path = RoundShadowView.swift; sourceTree = "<group>"; };
		BD3C9A9922792CF600E51A34 /* DribbbleTodo.app */ = {isa = PBXFileReference; explicitFileType = wrapper.application; includeInIndex = 0; path = DribbbleTodo.app; sourceTree = BUILT_PRODUCTS_DIR; };
		BD3C9A9C22792CF600E51A34 /* AppDelegate.swift */ = {isa = PBXFileReference; lastKnownFileType = sourcecode.swift; path = AppDelegate.swift; sourceTree = "<group>"; };
		BD3C9A9E22792CF600E51A34 /* ViewController.swift */ = {isa = PBXFileReference; lastKnownFileType = sourcecode.swift; path = ViewController.swift; sourceTree = "<group>"; };
		BD3C9AA122792CF600E51A34 /* Base */ = {isa = PBXFileReference; lastKnownFileType = file.storyboard; name = Base; path = Base.lproj/Main.storyboard; sourceTree = "<group>"; };
		BD3C9AA422792CF600E51A34 /* DribbbleTodo.xcdatamodel */ = {isa = PBXFileReference; lastKnownFileType = wrapper.xcdatamodel; path = DribbbleTodo.xcdatamodel; sourceTree = "<group>"; };
		BD3C9AA622792CF700E51A34 /* Assets.xcassets */ = {isa = PBXFileReference; lastKnownFileType = folder.assetcatalog; path = Assets.xcassets; sourceTree = "<group>"; };
		BD3C9AA922792CF700E51A34 /* Base */ = {isa = PBXFileReference; lastKnownFileType = file.storyboard; name = Base; path = Base.lproj/LaunchScreen.storyboard; sourceTree = "<group>"; };
		BD3C9AAB22792CF700E51A34 /* Info.plist */ = {isa = PBXFileReference; lastKnownFileType = text.plist.xml; path = Info.plist; sourceTree = "<group>"; };
		BD3C9AB022792CF800E51A34 /* DribbbleTodoTests.xctest */ = {isa = PBXFileReference; explicitFileType = wrapper.cfbundle; includeInIndex = 0; path = DribbbleTodoTests.xctest; sourceTree = BUILT_PRODUCTS_DIR; };
		BD3C9AB422792CF800E51A34 /* DribbbleTodoTests.swift */ = {isa = PBXFileReference; lastKnownFileType = sourcecode.swift; path = DribbbleTodoTests.swift; sourceTree = "<group>"; };
		BD3C9AB622792CF800E51A34 /* Info.plist */ = {isa = PBXFileReference; lastKnownFileType = text.plist.xml; path = Info.plist; sourceTree = "<group>"; };
		BD3C9ACE22792DB900E51A34 /* Cartfile */ = {isa = PBXFileReference; fileEncoding = 4; lastKnownFileType = text; path = Cartfile; sourceTree = "<group>"; };
		BD3C9AD322792DCA00E51A34 /* Enviroment.plist */ = {isa = PBXFileReference; fileEncoding = 4; lastKnownFileType = text.plist.xml; path = Enviroment.plist; sourceTree = "<group>"; };
		BD3C9AD922792DD200E51A34 /* color.txt */ = {isa = PBXFileReference; fileEncoding = 4; lastKnownFileType = text; path = color.txt; sourceTree = "<group>"; };
		BD3C9ADB22792DD200E51A34 /* Assets.swift */ = {isa = PBXFileReference; fileEncoding = 4; lastKnownFileType = sourcecode.swift; path = Assets.swift; sourceTree = "<group>"; };
		BD3C9ADC22792DD200E51A34 /* L10n.swift */ = {isa = PBXFileReference; fileEncoding = 4; lastKnownFileType = sourcecode.swift; path = L10n.swift; sourceTree = "<group>"; };
		BD3C9ADD22792DD200E51A34 /* MyColor.swift */ = {isa = PBXFileReference; fileEncoding = 4; lastKnownFileType = sourcecode.swift; path = MyColor.swift; sourceTree = "<group>"; };
		BD3C9ADE22792DD200E51A34 /* Fonts.swift */ = {isa = PBXFileReference; fileEncoding = 4; lastKnownFileType = sourcecode.swift; path = Fonts.swift; sourceTree = "<group>"; };
		BD3C9ADF22792DD200E51A34 /* Plist.swift */ = {isa = PBXFileReference; fileEncoding = 4; lastKnownFileType = sourcecode.swift; path = Plist.swift; sourceTree = "<group>"; };
		BD3C9AEB22792EB500E51A34 /* swiftgen.yml */ = {isa = PBXFileReference; fileEncoding = 4; lastKnownFileType = text; path = swiftgen.yml; sourceTree = "<group>"; };
		BD7840F3227B01A4001E5DEE /* CompositionRoot.swift */ = {isa = PBXFileReference; lastKnownFileType = sourcecode.swift; path = CompositionRoot.swift; sourceTree = "<group>"; };
		BD7840F5227B01C6001E5DEE /* SnapKit.framework */ = {isa = PBXFileReference; lastKnownFileType = wrapper.framework; name = SnapKit.framework; path = Carthage/Build/iOS/SnapKit.framework; sourceTree = "<group>"; };
		BD7840F6227B01C6001E5DEE /* SwiftyBeaver.framework */ = {isa = PBXFileReference; lastKnownFileType = wrapper.framework; name = SwiftyBeaver.framework; path = Carthage/Build/iOS/SwiftyBeaver.framework; sourceTree = "<group>"; };
		BD7840F7227B01C6001E5DEE /* Swinject.framework */ = {isa = PBXFileReference; lastKnownFileType = wrapper.framework; name = Swinject.framework; path = Carthage/Build/iOS/Swinject.framework; sourceTree = "<group>"; };
		BD7840FC227B01F5001E5DEE /* SplashViewController.swift */ = {isa = PBXFileReference; lastKnownFileType = sourcecode.swift; path = SplashViewController.swift; sourceTree = "<group>"; };
		BD7840FE227B0220001E5DEE /* SplashReactor.swift */ = {isa = PBXFileReference; lastKnownFileType = sourcecode.swift; path = SplashReactor.swift; sourceTree = "<group>"; };
		BD784100227B0242001E5DEE /* Logger.swift */ = {isa = PBXFileReference; lastKnownFileType = sourcecode.swift; path = Logger.swift; sourceTree = "<group>"; };
		BD784102227B02A6001E5DEE /* HasDisposeBag.swift */ = {isa = PBXFileReference; lastKnownFileType = sourcecode.swift; path = HasDisposeBag.swift; sourceTree = "<group>"; };
		BD784106227B02E4001E5DEE /* TaskListViewController.swift */ = {isa = PBXFileReference; lastKnownFileType = sourcecode.swift; path = TaskListViewController.swift; sourceTree = "<group>"; };
		BD784108227B03C0001E5DEE /* main.swift */ = {isa = PBXFileReference; lastKnownFileType = sourcecode.swift; path = main.swift; sourceTree = "<group>"; };
		BD78410A227B04CB001E5DEE /* StubAppDelegate.swift */ = {isa = PBXFileReference; lastKnownFileType = sourcecode.swift; path = StubAppDelegate.swift; sourceTree = "<group>"; };
		BD78410C227B04F2001E5DEE /* TestConfiguration.swift */ = {isa = PBXFileReference; lastKnownFileType = sourcecode.swift; path = TestConfiguration.swift; sourceTree = "<group>"; };
		BDA777E62283201500067F48 /* TylerCalendar.framework */ = {isa = PBXFileReference; explicitFileType = wrapper.framework; path = TylerCalendar.framework; sourceTree = BUILT_PRODUCTS_DIR; };
		BDD1D4A12290F88800FFCC47 /* RxRealm.swift */ = {isa = PBXFileReference; lastKnownFileType = sourcecode.swift; path = RxRealm.swift; sourceTree = "<group>"; };
		BDD1D4A32290F8AA00FFCC47 /* RealmObserver.swift */ = {isa = PBXFileReference; lastKnownFileType = sourcecode.swift; path = RealmObserver.swift; sourceTree = "<group>"; };
		BDD1D4A5229101D900FFCC47 /* Task+ThreadSafe.swift */ = {isa = PBXFileReference; lastKnownFileType = sourcecode.swift; path = "Task+ThreadSafe.swift"; sourceTree = "<group>"; };
		BDE1BDA3227D3C5900BE2419 /* LoginReactorSpec.swift */ = {isa = PBXFileReference; lastKnownFileType = sourcecode.swift; path = LoginReactorSpec.swift; sourceTree = "<group>"; };
		BDE1BDAA227D48DA00BE2419 /* LoginViewControllerSpec.swift */ = {isa = PBXFileReference; lastKnownFileType = sourcecode.swift; path = LoginViewControllerSpec.swift; sourceTree = "<group>"; };
		BDE1BDB8227D509300BE2419 /* GoogleService-Info-Test.plist */ = {isa = PBXFileReference; fileEncoding = 4; lastKnownFileType = text.plist.xml; path = "GoogleService-Info-Test.plist"; sourceTree = "<group>"; };
		BDE1BDB9227D509300BE2419 /* GoogleService-Info.plist */ = {isa = PBXFileReference; fileEncoding = 4; lastKnownFileType = text.plist.xml; path = "GoogleService-Info.plist"; sourceTree = "<group>"; };
		BDE7D21222917B2C009E75D7 /* ThreadInfo.swift */ = {isa = PBXFileReference; lastKnownFileType = sourcecode.swift; path = ThreadInfo.swift; sourceTree = "<group>"; };
		BDE7D21422918970009E75D7 /* EditingTask.swift */ = {isa = PBXFileReference; lastKnownFileType = sourcecode.swift; path = EditingTask.swift; sourceTree = "<group>"; };
		BDE9CC10227B295800191DB9 /* TaskListReactor.swift */ = {isa = PBXFileReference; lastKnownFileType = sourcecode.swift; path = TaskListReactor.swift; sourceTree = "<group>"; };
		BDE9CC12227B29C300191DB9 /* UIViewController+Rx.swift */ = {isa = PBXFileReference; lastKnownFileType = sourcecode.swift; path = "UIViewController+Rx.swift"; sourceTree = "<group>"; };
		BDE9CC15227B2B6800191DB9 /* LoginViewController.swift */ = {isa = PBXFileReference; lastKnownFileType = sourcecode.swift; path = LoginViewController.swift; sourceTree = "<group>"; };
		BDE9CC19227B2BA900191DB9 /* SplashReactorSpec.swift */ = {isa = PBXFileReference; lastKnownFileType = sourcecode.swift; path = SplashReactorSpec.swift; sourceTree = "<group>"; };
		BDE9CC1C227B2C9400191DB9 /* UserServiceType.swift */ = {isa = PBXFileReference; lastKnownFileType = sourcecode.swift; path = UserServiceType.swift; sourceTree = "<group>"; };
		BDE9CC1E227B2CF200191DB9 /* UserService.swift */ = {isa = PBXFileReference; lastKnownFileType = sourcecode.swift; path = UserService.swift; sourceTree = "<group>"; };
		BDE9CC21227B2EC400191DB9 /* GeneratedMocks.swift */ = {isa = PBXFileReference; fileEncoding = 4; lastKnownFileType = sourcecode.swift; path = GeneratedMocks.swift; sourceTree = "<group>"; };
		BDE9CC24227B2F9400191DB9 /* Cuckoo.framework */ = {isa = PBXFileReference; lastKnownFileType = wrapper.framework; name = Cuckoo.framework; path = Carthage/Build/iOS/Cuckoo.framework; sourceTree = "<group>"; };
		BDE9CC26227B32BD00191DB9 /* SplashViewControllerSpec.swift */ = {isa = PBXFileReference; lastKnownFileType = sourcecode.swift; path = SplashViewControllerSpec.swift; sourceTree = "<group>"; };
		BDE9CC29227B352100191DB9 /* StubUserService.swift */ = {isa = PBXFileReference; lastKnownFileType = sourcecode.swift; path = StubUserService.swift; sourceTree = "<group>"; };
		BDE9CC2B227B37A200191DB9 /* LoginReactor.swift */ = {isa = PBXFileReference; lastKnownFileType = sourcecode.swift; path = LoginReactor.swift; sourceTree = "<group>"; };
		BDFC92742281ABB800D0370C /* ViewStyle.swift */ = {isa = PBXFileReference; lastKnownFileType = sourcecode.swift; path = ViewStyle.swift; sourceTree = "<group>"; };
		BDFC92762281ABCE00D0370C /* ViewStyle+UIButton.swift */ = {isa = PBXFileReference; lastKnownFileType = sourcecode.swift; path = "ViewStyle+UIButton.swift"; sourceTree = "<group>"; };
		BDFC92782281AC2A00D0370C /* UIViewController+SafeArea.swift */ = {isa = PBXFileReference; lastKnownFileType = sourcecode.swift; path = "UIViewController+SafeArea.swift"; sourceTree = "<group>"; };
		BDFC927B2281B1C700D0370C /* ConstraintViewDSL+Layout.swift */ = {isa = PBXFileReference; lastKnownFileType = sourcecode.swift; path = "ConstraintViewDSL+Layout.swift"; sourceTree = "<group>"; };
		BDFC927E2281B71300D0370C /* TaskEditReactorSpec.swift */ = {isa = PBXFileReference; lastKnownFileType = sourcecode.swift; path = TaskEditReactorSpec.swift; sourceTree = "<group>"; };
		BDFC92832281D36700D0370C /* RxDispatcherSchedulers.swift */ = {isa = PBXFileReference; lastKnownFileType = sourcecode.swift; path = RxDispatcherSchedulers.swift; sourceTree = "<group>"; };
		BDFC928522825D5700D0370C /* TaskListContainer.swift */ = {isa = PBXFileReference; lastKnownFileType = sourcecode.swift; path = TaskListContainer.swift; sourceTree = "<group>"; };
		C129BF59E2E624E8CFB396EB /* Pods_DribbbleTodoUITests.framework */ = {isa = PBXFileReference; explicitFileType = wrapper.framework; includeInIndex = 0; path = Pods_DribbbleTodoUITests.framework; sourceTree = BUILT_PRODUCTS_DIR; };
/* End PBXFileReference section */

/* Begin PBXFrameworksBuildPhase section */
		BD3C9A9622792CF600E51A34 /* Frameworks */ = {
			isa = PBXFrameworksBuildPhase;
			buildActionMask = 2147483647;
			files = (
				BD7840F8227B01C6001E5DEE /* SnapKit.framework in Frameworks */,
				BD7840F9227B01C6001E5DEE /* SwiftyBeaver.framework in Frameworks */,
				BD7840FA227B01C6001E5DEE /* Swinject.framework in Frameworks */,
				F84A1ADF1629B97D461148F7 /* Pods_DribbbleTodo.framework in Frameworks */,
			);
			runOnlyForDeploymentPostprocessing = 0;
		};
		BD3C9AAD22792CF800E51A34 /* Frameworks */ = {
			isa = PBXFrameworksBuildPhase;
			buildActionMask = 2147483647;
			files = (
				BDE9CC25227B2F9400191DB9 /* Cuckoo.framework in Frameworks */,
				5F9B3CA720D5836900469C8B /* Pods_DribbbleTodoTests.framework in Frameworks */,
			);
			runOnlyForDeploymentPostprocessing = 0;
		};
/* End PBXFrameworksBuildPhase section */

/* Begin PBXGroup section */
		5A461214FF713477182F338A /* Pods */ = {
			isa = PBXGroup;
			children = (
				0816C631EB36BFE551320FA8 /* Pods-DribbbleTodo.debug.xcconfig */,
				B739655DA1A87115E1CE4D96 /* Pods-DribbbleTodo.release.xcconfig */,
				4C9AA46AAF51E6D15E901E73 /* Pods-DribbbleTodoTests.debug.xcconfig */,
				43A5A1F95055CEDA4DEB982D /* Pods-DribbbleTodoTests.release.xcconfig */,
				2768187424550481D3C9F22E /* Pods-DribbbleTodoUITests.debug.xcconfig */,
				4EB8D2B8CD419E46D0EBD8CC /* Pods-DribbbleTodoUITests.release.xcconfig */,
			);
			path = Pods;
			sourceTree = "<group>";
		};
		8293093A5A994822B4C15788 /* Frameworks */ = {
			isa = PBXGroup;
			children = (
				BDA777E62283201500067F48 /* TylerCalendar.framework */,
				BD311194227DDD0C00FB8217 /* RxRealm.framework */,
				BD31118C227DDA9F00FB8217 /* RxRealm.framework */,
				BDE9CC24227B2F9400191DB9 /* Cuckoo.framework */,
				BD7840F5227B01C6001E5DEE /* SnapKit.framework */,
				BD7840F6227B01C6001E5DEE /* SwiftyBeaver.framework */,
				BD7840F7227B01C6001E5DEE /* Swinject.framework */,
				298B3403540F96143F191543 /* Pods_DribbbleTodo.framework */,
				2E922015D4C37290EC86C720 /* Pods_DribbbleTodoTests.framework */,
				C129BF59E2E624E8CFB396EB /* Pods_DribbbleTodoUITests.framework */,
			);
			name = Frameworks;
			sourceTree = "<group>";
		};
		BD2099F122919EB20055DE88 /* Document */ = {
			isa = PBXGroup;
			children = (
			);
			path = Document;
			sourceTree = "<group>";
		};
		BD311144227D651200FB8217 /* Models */ = {
			isa = PBXGroup;
			children = (
				BD311145227D652200FB8217 /* Me.swift */,
				BD311147227D669F00FB8217 /* User+Map.swift */,
				BD31116F227DBE4E00FB8217 /* Task.swift */,
				BD311171227DC10B00FB8217 /* Encodable+Dictionary.swift */,
			);
			path = Models;
			sourceTree = "<group>";
		};
		BD311154227D81E700FB8217 /* TaskEdit */ = {
			isa = PBXGroup;
			children = (
				BD311155227D820600FB8217 /* TaskEditViewController.swift */,
				BD311157227D820F00FB8217 /* TaskEditReactor.swift */,
				BD3111AB227E767300FB8217 /* TaskEditContainer.swift */,
				BDE7D21422918970009E75D7 /* EditingTask.swift */,
			);
			path = TaskEdit;
			sourceTree = "<group>";
		};
		BD31115E227D847A00FB8217 /* Date */ = {
			isa = PBXGroup;
			children = (
			);
			path = Date;
			sourceTree = "<group>";
		};
		BD311185227DD60F00FB8217 /* TaskList */ = {
			isa = PBXGroup;
			children = (
				BD311186227DD61A00FB8217 /* TaskListViewControllerSpec.swift */,
				BD3111A5227DF1D900FB8217 /* TaskListReactorSpec.swift */,
			);
			path = TaskList;
			sourceTree = "<group>";
		};
		BD31119D227DEA7F00FB8217 /* Services */ = {
			isa = PBXGroup;
			children = (
				BD31119E227DEA8700FB8217 /* TaskServiceSpec.swift */,
			);
			path = Services;
			sourceTree = "<group>";
		};
		BD3111B1227E79D600FB8217 /* Common */ = {
			isa = PBXGroup;
			children = (
				BD3111B2227E79DD00FB8217 /* XibView.swift */,
				BD3111B4227E79F000FB8217 /* UIView+Blur.swift */,
				BD3111B6227E79FB00FB8217 /* UIColor+Random.swift */,
				BD3111B8227E7A0A00FB8217 /* UIView+Gradients.swift */,
				BD3111BA227E7A5000FB8217 /* RoundShadowView.swift */,
			);
			path = Common;
			sourceTree = "<group>";
		};
		BD3C9A9022792CF600E51A34 = {
			isa = PBXGroup;
			children = (
				BD2099F122919EB20055DE88 /* Document */,
				BDE1BDBC227D509600BE2419 /* GoogleServices */,
				BD3C9AEB22792EB500E51A34 /* swiftgen.yml */,
				BD3C9ADA22792DD200E51A34 /* Generated */,
				BD3C9AD722792DD200E51A34 /* Resources */,
				BD3C9AD222792DCA00E51A34 /* Config */,
				BD3C9AD122792DBC00E51A34 /* Cartfile */,
				BD3C9A9B22792CF600E51A34 /* DribbbleTodo */,
				BD3C9AB322792CF800E51A34 /* DribbbleTodoTests */,
				BD3C9A9A22792CF600E51A34 /* Products */,
				5A461214FF713477182F338A /* Pods */,
				8293093A5A994822B4C15788 /* Frameworks */,
			);
			sourceTree = "<group>";
		};
		BD3C9A9A22792CF600E51A34 /* Products */ = {
			isa = PBXGroup;
			children = (
				BD3C9A9922792CF600E51A34 /* DribbbleTodo.app */,
				BD3C9AB022792CF800E51A34 /* DribbbleTodoTests.xctest */,
			);
			name = Products;
			sourceTree = "<group>";
		};
		BD3C9A9B22792CF600E51A34 /* DribbbleTodo */ = {
			isa = PBXGroup;
			children = (
				BDD1D4A02290F87900FFCC47 /* RxRealm */,
				BD311144227D651200FB8217 /* Models */,
				BDE1BDA7227D456D00BE2419 /* Rx */,
				BD90079A227BF55400DC7F91 /* SupportingFiles */,
				BDE9CC1B227B2C8600191DB9 /* Service */,
				BD7840FB227B01ED001E5DEE /* Views */,
				BD3C9A9C22792CF600E51A34 /* AppDelegate.swift */,
				BD3C9A9E22792CF600E51A34 /* ViewController.swift */,
				BD3C9AA622792CF700E51A34 /* Assets.xcassets */,
				BD3C9AA822792CF700E51A34 /* LaunchScreen.storyboard */,
				BD3C9AA322792CF600E51A34 /* DribbbleTodo.xcdatamodeld */,
				BD31114F227D799E00FB8217 /* Localizable.strings */,
				BD7840F3227B01A4001E5DEE /* CompositionRoot.swift */,
				BD784100227B0242001E5DEE /* Logger.swift */,
				BD784102227B02A6001E5DEE /* HasDisposeBag.swift */,
				BD784108227B03C0001E5DEE /* main.swift */,
				BD31117B227DCD3200FB8217 /* SwiftNameIdentifier.swift */,
				BD3111AD227E76B700FB8217 /* RootContainer.swift */,
				BDE7D21222917B2C009E75D7 /* ThreadInfo.swift */,
			);
			path = DribbbleTodo;
			sourceTree = "<group>";
		};
		BD3C9AB322792CF800E51A34 /* DribbbleTodoTests */ = {
			isa = PBXGroup;
			children = (
				BDE9CC21227B2EC400191DB9 /* GeneratedMocks.swift */,
				BD31119D227DEA7F00FB8217 /* Services */,
				BDE9CC28227B351200191DB9 /* Stub */,
				BDE9CC17227B2B9400191DB9 /* Views */,
				BD3C9AB422792CF800E51A34 /* DribbbleTodoTests.swift */,
				BD3C9AB622792CF800E51A34 /* Info.plist */,
				BD78410C227B04F2001E5DEE /* TestConfiguration.swift */,
				BD311183227DD4C200FB8217 /* RealmConfiguration.swift */,
				BD311142227D61A800FB8217 /* TestError.swift */,
				BD3111A9227E72E200FB8217 /* UICollectionView+Cell.swift */,
				BD0961DE2282ECA800B666A2 /* Task+Equal.swift */,
				BD0961E22282EFA900B666A2 /* RxTestDispatcherSchedulers.swift */,
			);
			path = DribbbleTodoTests;
			sourceTree = "<group>";
		};
		BD3C9AD122792DBC00E51A34 /* Cartfile */ = {
			isa = PBXGroup;
			children = (
				BD3C9ACE22792DB900E51A34 /* Cartfile */,
			);
			name = Cartfile;
			sourceTree = "<group>";
		};
		BD3C9AD222792DCA00E51A34 /* Config */ = {
			isa = PBXGroup;
			children = (
				BD3C9AD322792DCA00E51A34 /* Enviroment.plist */,
			);
			path = Config;
			sourceTree = "<group>";
		};
		BD3C9AD722792DD200E51A34 /* Resources */ = {
			isa = PBXGroup;
			children = (
				BD3C9AD822792DD200E51A34 /* Fonts */,
				BD3C9AD922792DD200E51A34 /* color.txt */,
			);
			path = Resources;
			sourceTree = "<group>";
		};
		BD3C9AD822792DD200E51A34 /* Fonts */ = {
			isa = PBXGroup;
			children = (
			);
			path = Fonts;
			sourceTree = "<group>";
		};
		BD3C9ADA22792DD200E51A34 /* Generated */ = {
			isa = PBXGroup;
			children = (
				BD3C9ADB22792DD200E51A34 /* Assets.swift */,
				BD3C9ADC22792DD200E51A34 /* L10n.swift */,
				BD3C9ADD22792DD200E51A34 /* MyColor.swift */,
				BD3C9ADE22792DD200E51A34 /* Fonts.swift */,
				BD3C9ADF22792DD200E51A34 /* Plist.swift */,
			);
			path = Generated;
			sourceTree = "<group>";
		};
		BD7840FB227B01ED001E5DEE /* Views */ = {
			isa = PBXGroup;
			children = (
				BDFC92802281C3C400D0370C /* UIAlertComponent */,
				BDFC927A2281B1C000D0370C /* Layout */,
				BDFC92732281ABA600D0370C /* Styles */,
				BD3111B1227E79D600FB8217 /* Common */,
				BD311154227D81E700FB8217 /* TaskEdit */,
				BDE9CC14227B2B6100191DB9 /* Login */,
				BD784105227B02D3001E5DEE /* TaskList */,
				BD784104227B02CB001E5DEE /* Splash */,
				BDE9CC12227B29C300191DB9 /* UIViewController+Rx.swift */,
				BDFC92782281AC2A00D0370C /* UIViewController+SafeArea.swift */,
			);
			path = Views;
			sourceTree = "<group>";
		};
		BD784104227B02CB001E5DEE /* Splash */ = {
			isa = PBXGroup;
			children = (
				BD7840FC227B01F5001E5DEE /* SplashViewController.swift */,
				BD7840FE227B0220001E5DEE /* SplashReactor.swift */,
			);
			path = Splash;
			sourceTree = "<group>";
		};
		BD784105227B02D3001E5DEE /* TaskList */ = {
			isa = PBXGroup;
			children = (
				BD311175227DCB3100FB8217 /* TaskSection.swift */,
				BD784106227B02E4001E5DEE /* TaskListViewController.swift */,
				BDE9CC10227B295800191DB9 /* TaskListReactor.swift */,
				BD311177227DCB3F00FB8217 /* TaskViewModel.swift */,
				BD311179227DCCF600FB8217 /* TaskViewCell.swift */,
				BDFC928522825D5700D0370C /* TaskListContainer.swift */,
				BDD1D4A5229101D900FFCC47 /* Task+ThreadSafe.swift */,
			);
			path = TaskList;
			sourceTree = "<group>";
		};
		BD90079A227BF55400DC7F91 /* SupportingFiles */ = {
			isa = PBXGroup;
			children = (
				BD3C9AA022792CF600E51A34 /* Main.storyboard */,
				BD3C9AAB22792CF700E51A34 /* Info.plist */,
			);
			name = SupportingFiles;
			sourceTree = "<group>";
		};
		BDD1D4A02290F87900FFCC47 /* RxRealm */ = {
			isa = PBXGroup;
			children = (
				BDD1D4A12290F88800FFCC47 /* RxRealm.swift */,
				BDD1D4A32290F8AA00FFCC47 /* RealmObserver.swift */,
			);
			path = RxRealm;
			sourceTree = "<group>";
		};
		BDE1BDA2227D3C5100BE2419 /* Login */ = {
			isa = PBXGroup;
			children = (
				BDE1BDA3227D3C5900BE2419 /* LoginReactorSpec.swift */,
				BDE1BDAA227D48DA00BE2419 /* LoginViewControllerSpec.swift */,
			);
			path = Login;
			sourceTree = "<group>";
		};
		BDE1BDA7227D456D00BE2419 /* Rx */ = {
			isa = PBXGroup;
			children = (
				BD311152227D7B4A00FB8217 /* UIViewController+UIAlertViewController.swift */,
				BDFC92832281D36700D0370C /* RxDispatcherSchedulers.swift */,
			);
			path = Rx;
			sourceTree = "<group>";
		};
		BDE1BDBC227D509600BE2419 /* GoogleServices */ = {
			isa = PBXGroup;
			children = (
				BDE1BDB8227D509300BE2419 /* GoogleService-Info-Test.plist */,
				BDE1BDB9227D509300BE2419 /* GoogleService-Info.plist */,
			);
			name = GoogleServices;
			sourceTree = "<group>";
		};
		BDE9CC14227B2B6100191DB9 /* Login */ = {
			isa = PBXGroup;
			children = (
				BDE9CC15227B2B6800191DB9 /* LoginViewController.swift */,
				BDE9CC2B227B37A200191DB9 /* LoginReactor.swift */,
			);
			path = Login;
			sourceTree = "<group>";
		};
		BDE9CC17227B2B9400191DB9 /* Views */ = {
			isa = PBXGroup;
			children = (
				BDFC927D2281B70900D0370C /* TaskEdit */,
				BD311185227DD60F00FB8217 /* TaskList */,
				BD31115E227D847A00FB8217 /* Date */,
				BDE1BDA2227D3C5100BE2419 /* Login */,
				BDE9CC18227B2B9C00191DB9 /* Splash */,
				BD31116B227D99E800FB8217 /* Date+Day.swift */,
			);
			path = Views;
			sourceTree = "<group>";
		};
		BDE9CC18227B2B9C00191DB9 /* Splash */ = {
			isa = PBXGroup;
			children = (
				BDE9CC19227B2BA900191DB9 /* SplashReactorSpec.swift */,
				BDE9CC26227B32BD00191DB9 /* SplashViewControllerSpec.swift */,
			);
			path = Splash;
			sourceTree = "<group>";
		};
		BDE9CC1B227B2C8600191DB9 /* Service */ = {
			isa = PBXGroup;
			children = (
				BDE9CC1C227B2C9400191DB9 /* UserServiceType.swift */,
				BDE9CC1E227B2CF200191DB9 /* UserService.swift */,
				BD311188227DD74A00FB8217 /* TaskServiceType.swift */,
				BD31118A227DD7B600FB8217 /* TaskService.swift */,
			);
			path = Service;
			sourceTree = "<group>";
		};
		BDE9CC28227B351200191DB9 /* Stub */ = {
			isa = PBXGroup;
			children = (
				BD78410A227B04CB001E5DEE /* StubAppDelegate.swift */,
				BDE9CC29227B352100191DB9 /* StubUserService.swift */,
				BD3111A1227DEB4200FB8217 /* Task+Random.swift */,
				BD3111A3227DEBF300FB8217 /* RandomText.swift */,
				BD3111A7227DF23F00FB8217 /* MockTaskServiceType+Mock.swift */,
			);
			path = Stub;
			sourceTree = "<group>";
		};
		BDFC92732281ABA600D0370C /* Styles */ = {
			isa = PBXGroup;
			children = (
				BDFC92742281ABB800D0370C /* ViewStyle.swift */,
				BDFC92762281ABCE00D0370C /* ViewStyle+UIButton.swift */,
			);
			path = Styles;
			sourceTree = "<group>";
		};
		BDFC927A2281B1C000D0370C /* Layout */ = {
			isa = PBXGroup;
			children = (
				BDFC927B2281B1C700D0370C /* ConstraintViewDSL+Layout.swift */,
			);
			path = Layout;
			sourceTree = "<group>";
		};
		BDFC927D2281B70900D0370C /* TaskEdit */ = {
			isa = PBXGroup;
			children = (
				BDFC927E2281B71300D0370C /* TaskEditReactorSpec.swift */,
				BD0961E02282EDC800B666A2 /* TaskEditViewControllerSpec.swift */,
			);
			path = TaskEdit;
			sourceTree = "<group>";
		};
		BDFC92802281C3C400D0370C /* UIAlertComponent */ = {
			isa = PBXGroup;
			children = (
				BD31114D227D78E600FB8217 /* UIAlertComponent.swift */,
			);
			path = UIAlertComponent;
			sourceTree = "<group>";
		};
/* End PBXGroup section */

/* Begin PBXNativeTarget section */
		BD3C9A9822792CF600E51A34 /* DribbbleTodo */ = {
			isa = PBXNativeTarget;
			buildConfigurationList = BD3C9AC422792CF800E51A34 /* Build configuration list for PBXNativeTarget "DribbbleTodo" */;
			buildPhases = (
				EAC7835BE3B142E95C81A82B /* [CP] Check Pods Manifest.lock */,
				BD3C9AE622792DE000E51A34 /* SwiftGen */,
				BD3C9AE722792DF200E51A34 /* SwiftLint */,
				BD3C9AE822792E0000E51A34 /* Mark */,
				BD3C9A9522792CF600E51A34 /* Sources */,
				BD3C9A9622792CF600E51A34 /* Frameworks */,
				BD3C9A9722792CF600E51A34 /* Resources */,
				BD3C9AE922792E0D00E51A34 /* [CP] Copy Carthage Resources */,
				D15EF3A38D343026F2CB159C /* [CP] Embed Pods Frameworks */,
				BD3C9AEA22792E2C00E51A34 /* Fabric */,
				BDE9CC20227B2E7700191DB9 /* Cuckoo */,
				93DC3110B463D43E1990AD86 /* [CP] Copy Pods Resources */,
			);
			buildRules = (
			);
			dependencies = (
			);
			name = DribbbleTodo;
			productName = DribbbleTodo;
			productReference = BD3C9A9922792CF600E51A34 /* DribbbleTodo.app */;
			productType = "com.apple.product-type.application";
		};
		BD3C9AAF22792CF800E51A34 /* DribbbleTodoTests */ = {
			isa = PBXNativeTarget;
			buildConfigurationList = BD3C9AC722792CF800E51A34 /* Build configuration list for PBXNativeTarget "DribbbleTodoTests" */;
			buildPhases = (
				D8BF19E9EC640C888D014A9B /* [CP] Check Pods Manifest.lock */,
				BD3C9AAC22792CF800E51A34 /* Sources */,
				BD3C9AAD22792CF800E51A34 /* Frameworks */,
				BD3C9AAE22792CF800E51A34 /* Resources */,
				7BDFD3AE8B099F91F499CFCA /* [CP] Embed Pods Frameworks */,
				BDE9CC23227B2F3A00191DB9 /* [CP] Copy Carthage Resources */,
			);
			buildRules = (
			);
			dependencies = (
				BD3C9AB222792CF800E51A34 /* PBXTargetDependency */,
			);
			name = DribbbleTodoTests;
			productName = DribbbleTodoTests;
			productReference = BD3C9AB022792CF800E51A34 /* DribbbleTodoTests.xctest */;
			productType = "com.apple.product-type.bundle.unit-test";
		};
/* End PBXNativeTarget section */

/* Begin PBXProject section */
		BD3C9A9122792CF600E51A34 /* Project object */ = {
			isa = PBXProject;
			attributes = {
				LastSwiftUpdateCheck = 1020;
				LastUpgradeCheck = 1020;
				ORGANIZATIONNAME = hucet;
				TargetAttributes = {
					BD3C9A9822792CF600E51A34 = {
						CreatedOnToolsVersion = 10.2.1;
					};
					BD3C9AAF22792CF800E51A34 = {
						CreatedOnToolsVersion = 10.2.1;
						TestTargetID = BD3C9A9822792CF600E51A34;
					};
				};
			};
			buildConfigurationList = BD3C9A9422792CF600E51A34 /* Build configuration list for PBXProject "DribbbleTodo" */;
			compatibilityVersion = "Xcode 9.3";
			developmentRegion = en;
			hasScannedForEncodings = 0;
			knownRegions = (
				en,
				Base,
			);
			mainGroup = BD3C9A9022792CF600E51A34;
			productRefGroup = BD3C9A9A22792CF600E51A34 /* Products */;
			projectDirPath = "";
			projectRoot = "";
			targets = (
				BD3C9A9822792CF600E51A34 /* DribbbleTodo */,
				BD3C9AAF22792CF800E51A34 /* DribbbleTodoTests */,
			);
		};
/* End PBXProject section */

/* Begin PBXResourcesBuildPhase section */
		BD3C9A9722792CF600E51A34 /* Resources */ = {
			isa = PBXResourcesBuildPhase;
			buildActionMask = 2147483647;
			files = (
				BD3C9AD022792DB900E51A34 /* Cartfile in Resources */,
				BD3C9AEC22792EB500E51A34 /* swiftgen.yml in Resources */,
				BDE1BDBB227D509400BE2419 /* GoogleService-Info.plist in Resources */,
				BD3C9AD522792DCA00E51A34 /* Enviroment.plist in Resources */,
				BDE1BDBA227D509400BE2419 /* GoogleService-Info-Test.plist in Resources */,
				BD311151227D799E00FB8217 /* Localizable.strings in Resources */,
				BD3C9AAA22792CF700E51A34 /* LaunchScreen.storyboard in Resources */,
				BD3C9AA722792CF700E51A34 /* Assets.xcassets in Resources */,
				BD3C9AE022792DD200E51A34 /* color.txt in Resources */,
				BD3C9AA222792CF600E51A34 /* Main.storyboard in Resources */,
			);
			runOnlyForDeploymentPostprocessing = 0;
		};
		BD3C9AAE22792CF800E51A34 /* Resources */ = {
			isa = PBXResourcesBuildPhase;
			buildActionMask = 2147483647;
			files = (
			);
			runOnlyForDeploymentPostprocessing = 0;
		};
/* End PBXResourcesBuildPhase section */

/* Begin PBXShellScriptBuildPhase section */
		7BDFD3AE8B099F91F499CFCA /* [CP] Embed Pods Frameworks */ = {
			isa = PBXShellScriptBuildPhase;
			buildActionMask = 2147483647;
			files = (
			);
			inputFileListPaths = (
			);
			inputPaths = (
				"${PODS_ROOT}/Target Support Files/Pods-DribbbleTodoTests/Pods-DribbbleTodoTests-frameworks.sh",
				"${BUILT_PRODUCTS_DIR}/RxCocoa/RxCocoa.framework",
				"${BUILT_PRODUCTS_DIR}/RxSwift/RxSwift.framework",
				"${BUILT_PRODUCTS_DIR}/Nimble/Nimble.framework",
				"${BUILT_PRODUCTS_DIR}/Quick/Quick.framework",
				"${BUILT_PRODUCTS_DIR}/RxBlocking/RxBlocking.framework",
				"${BUILT_PRODUCTS_DIR}/RxExpect/RxExpect.framework",
				"${BUILT_PRODUCTS_DIR}/RxTest/RxTest.framework",
				"${BUILT_PRODUCTS_DIR}/Stubber/Stubber.framework",
			);
			name = "[CP] Embed Pods Frameworks";
			outputFileListPaths = (
			);
			outputPaths = (
				"${TARGET_BUILD_DIR}/${FRAMEWORKS_FOLDER_PATH}/RxCocoa.framework",
				"${TARGET_BUILD_DIR}/${FRAMEWORKS_FOLDER_PATH}/RxSwift.framework",
				"${TARGET_BUILD_DIR}/${FRAMEWORKS_FOLDER_PATH}/Nimble.framework",
				"${TARGET_BUILD_DIR}/${FRAMEWORKS_FOLDER_PATH}/Quick.framework",
				"${TARGET_BUILD_DIR}/${FRAMEWORKS_FOLDER_PATH}/RxBlocking.framework",
				"${TARGET_BUILD_DIR}/${FRAMEWORKS_FOLDER_PATH}/RxExpect.framework",
				"${TARGET_BUILD_DIR}/${FRAMEWORKS_FOLDER_PATH}/RxTest.framework",
				"${TARGET_BUILD_DIR}/${FRAMEWORKS_FOLDER_PATH}/Stubber.framework",
			);
			runOnlyForDeploymentPostprocessing = 0;
			shellPath = /bin/sh;
			shellScript = "\"${PODS_ROOT}/Target Support Files/Pods-DribbbleTodoTests/Pods-DribbbleTodoTests-frameworks.sh\"\n";
			showEnvVarsInLog = 0;
		};
		93DC3110B463D43E1990AD86 /* [CP] Copy Pods Resources */ = {
			isa = PBXShellScriptBuildPhase;
			buildActionMask = 2147483647;
			files = (
			);
			inputFileListPaths = (
			);
			inputPaths = (
				"${PODS_ROOT}/Target Support Files/Pods-DribbbleTodo/Pods-DribbbleTodo-resources.sh",
				"${PODS_ROOT}/GoogleSignIn/Resources/GoogleSignIn.bundle",
			);
			name = "[CP] Copy Pods Resources";
			outputFileListPaths = (
			);
			outputPaths = (
				"${TARGET_BUILD_DIR}/${UNLOCALIZED_RESOURCES_FOLDER_PATH}/GoogleSignIn.bundle",
			);
			runOnlyForDeploymentPostprocessing = 0;
			shellPath = /bin/sh;
			shellScript = "\"${PODS_ROOT}/Target Support Files/Pods-DribbbleTodo/Pods-DribbbleTodo-resources.sh\"\n";
			showEnvVarsInLog = 0;
		};
		BD3C9AE622792DE000E51A34 /* SwiftGen */ = {
			isa = PBXShellScriptBuildPhase;
			buildActionMask = 2147483647;
			files = (
			);
			inputFileListPaths = (
			);
			inputPaths = (
			);
			name = SwiftGen;
			outputFileListPaths = (
			);
			outputPaths = (
			);
			runOnlyForDeploymentPostprocessing = 0;
			shellPath = /bin/sh;
			shellScript = "# Type a script or drag a script file from your workspace to insert its path.\n$PODS_ROOT/SwiftGen/bin/swiftgen config run --config swiftgen.yml --verbose\n";
		};
		BD3C9AE722792DF200E51A34 /* SwiftLint */ = {
			isa = PBXShellScriptBuildPhase;
			buildActionMask = 2147483647;
			files = (
			);
			inputFileListPaths = (
			);
			inputPaths = (
			);
			name = SwiftLint;
			outputFileListPaths = (
			);
			outputPaths = (
			);
			runOnlyForDeploymentPostprocessing = 0;
			shellPath = /bin/sh;
			shellScript = "# Type a script or drag a script file from your workspace to insert its path.\nif which swiftlint >/dev/null; then\nswiftlint\nelse\necho \"warning: SwiftLint not installed, download from https://github.com/realm/SwiftLint\"\nfi\n";
		};
		BD3C9AE822792E0000E51A34 /* Mark */ = {
			isa = PBXShellScriptBuildPhase;
			buildActionMask = 2147483647;
			files = (
			);
			inputFileListPaths = (
			);
			inputPaths = (
			);
			name = Mark;
			outputFileListPaths = (
			);
			outputPaths = (
			);
			runOnlyForDeploymentPostprocessing = 0;
			shellPath = /bin/sh;
			shellScript = "# Type a script or drag a script file from your workspace to insert its path.\nKEYWORDS=\"TODO|FIXME|\\?\\?\\?:|\\!\\!\\!:\"\nfind \"$PROJECT_DIR/iRoboiOS\" \\( -name \"*.swift\" \\) -print0 | \\\nxargs -0 egrep --with-filename --line-number --only-matching \"($KEYWORDS).*\\$\" | \\\nperl -p -e \"s/($KEYWORDS)/ warning: \\$1/\"\n";
		};
		BD3C9AE922792E0D00E51A34 /* [CP] Copy Carthage Resources */ = {
			isa = PBXShellScriptBuildPhase;
			buildActionMask = 2147483647;
			files = (
			);
			inputFileListPaths = (
			);
			inputPaths = (
				"$(SRCROOT)/Carthage/Build/iOS/SwiftyBeaver.framework",
				"$(SRCROOT)/Carthage/Build/iOS/Swinject.framework",
				"$(SRCROOT)/Carthage/Build/iOS/SnapKit.framework",
				"$(SRCROOT)/Carthage/Build/iOS/Realm.framework",
				"$(SRCROOT)/Carthage/Build/iOS/RealmSwift.framework",
				"$(SRCROOT)/Carthage/Build/iOS/Hero.framework",
			);
			name = "[CP] Copy Carthage Resources";
			outputFileListPaths = (
			);
			outputPaths = (
			);
			runOnlyForDeploymentPostprocessing = 0;
			shellPath = /bin/sh;
			shellScript = "/usr/local/bin/carthage copy-frameworks\n";
		};
		BD3C9AEA22792E2C00E51A34 /* Fabric */ = {
			isa = PBXShellScriptBuildPhase;
			buildActionMask = 2147483647;
			files = (
			);
			inputFileListPaths = (
			);
			inputPaths = (
				"$(BUILT_PRODUCTS_DIR)/$(INFOPLIST_PATH)",
			);
			name = Fabric;
			outputFileListPaths = (
			);
			outputPaths = (
			);
			runOnlyForDeploymentPostprocessing = 0;
			shellPath = /bin/sh;
			shellScript = "\"${PODS_ROOT}/Fabric/run\" 01a8a326ef40f1e4010685ff3fe389ad91c04149 4f7b6feb7d1e7498160d8920b040828ccb45071a71a170c4006a4075e69fd0c8\n";
		};
		BDE9CC20227B2E7700191DB9 /* Cuckoo */ = {
			isa = PBXShellScriptBuildPhase;
			buildActionMask = 2147483647;
			files = (
			);
			inputFileListPaths = (
			);
			inputPaths = (
			);
			name = Cuckoo;
			outputFileListPaths = (
			);
			outputPaths = (
			);
			runOnlyForDeploymentPostprocessing = 0;
			shellPath = /bin/sh;
			shellScript = "OUTPUT_FILE=\"$PROJECT_DIR/${TARGET_NAME}Tests/GeneratedMocks.swift\"\n\necho \"Generated Mocks File = $OUTPUT_FILE\"\n\nINPUT_DIR=\"${PROJECT_DIR}/${TARGET_NAME}\"\n\nfile=\"Carthage/Checkouts/Cuckoo/cuckoo_generator\"\nif [ -f $file ] \nthen\necho \"$file found.\"\nelse\necho \"$file not found.\"\nwget \"https://github.com/Brightify/Cuckoo/releases/download/0.12.1/cuckoo_generator\" -P \"Carthage/Checkouts/Cuckoo\"\nchmod 755 $file\nfi\n\n\"Carthage/Checkouts/Cuckoo/run\" generate --testable \"$PROJECT_NAME\" \\\n--output \"$OUTPUT_FILE\" \\\n\"$INPUT_DIR/Service/UserServiceType.swift\" \\\n\"$INPUT_DIR/Service/TaskServiceType.swift\" \\\n";
		};
		BDE9CC23227B2F3A00191DB9 /* [CP] Copy Carthage Resources */ = {
			isa = PBXShellScriptBuildPhase;
			buildActionMask = 2147483647;
			files = (
			);
			inputFileListPaths = (
			);
			inputPaths = (
				"$(SRCROOT)/Carthage/Build/iOS/Cuckoo.framework",
			);
			name = "[CP] Copy Carthage Resources";
			outputFileListPaths = (
			);
			outputPaths = (
			);
			runOnlyForDeploymentPostprocessing = 0;
			shellPath = /bin/sh;
			shellScript = "# Type a script or drag a script file from your workspace to insert its path.\n/usr/local/bin/carthage copy-frameworks\n";
		};
		D15EF3A38D343026F2CB159C /* [CP] Embed Pods Frameworks */ = {
			isa = PBXShellScriptBuildPhase;
			buildActionMask = 2147483647;
			files = (
			);
			inputFileListPaths = (
			);
			inputPaths = (
				"${PODS_ROOT}/Target Support Files/Pods-DribbbleTodo/Pods-DribbbleTodo-frameworks.sh",
				"${BUILT_PRODUCTS_DIR}/Differentiator/Differentiator.framework",
				"${BUILT_PRODUCTS_DIR}/GTMSessionFetcher/GTMSessionFetcher.framework",
				"${BUILT_PRODUCTS_DIR}/GoogleToolboxForMac/GoogleToolboxForMac.framework",
				"${BUILT_PRODUCTS_DIR}/GoogleUtilities/GoogleUtilities.framework",
				"${BUILT_PRODUCTS_DIR}/ReactorKit/ReactorKit.framework",
				"${BUILT_PRODUCTS_DIR}/RxCocoa/RxCocoa.framework",
				"${BUILT_PRODUCTS_DIR}/RxDataSources/RxDataSources.framework",
				"${BUILT_PRODUCTS_DIR}/RxOptional/RxOptional.framework",
				"${BUILT_PRODUCTS_DIR}/RxSwift/RxSwift.framework",
				"${BUILT_PRODUCTS_DIR}/Then/Then.framework",
				"${BUILT_PRODUCTS_DIR}/leveldb-library/leveldb.framework",
				"${BUILT_PRODUCTS_DIR}/nanopb/nanopb.framework",
			);
			name = "[CP] Embed Pods Frameworks";
			outputFileListPaths = (
			);
			outputPaths = (
				"${TARGET_BUILD_DIR}/${FRAMEWORKS_FOLDER_PATH}/Differentiator.framework",
				"${TARGET_BUILD_DIR}/${FRAMEWORKS_FOLDER_PATH}/GTMSessionFetcher.framework",
				"${TARGET_BUILD_DIR}/${FRAMEWORKS_FOLDER_PATH}/GoogleToolboxForMac.framework",
				"${TARGET_BUILD_DIR}/${FRAMEWORKS_FOLDER_PATH}/GoogleUtilities.framework",
				"${TARGET_BUILD_DIR}/${FRAMEWORKS_FOLDER_PATH}/ReactorKit.framework",
				"${TARGET_BUILD_DIR}/${FRAMEWORKS_FOLDER_PATH}/RxCocoa.framework",
				"${TARGET_BUILD_DIR}/${FRAMEWORKS_FOLDER_PATH}/RxDataSources.framework",
				"${TARGET_BUILD_DIR}/${FRAMEWORKS_FOLDER_PATH}/RxOptional.framework",
				"${TARGET_BUILD_DIR}/${FRAMEWORKS_FOLDER_PATH}/RxSwift.framework",
				"${TARGET_BUILD_DIR}/${FRAMEWORKS_FOLDER_PATH}/Then.framework",
				"${TARGET_BUILD_DIR}/${FRAMEWORKS_FOLDER_PATH}/leveldb.framework",
				"${TARGET_BUILD_DIR}/${FRAMEWORKS_FOLDER_PATH}/nanopb.framework",
			);
			runOnlyForDeploymentPostprocessing = 0;
			shellPath = /bin/sh;
			shellScript = "\"${PODS_ROOT}/Target Support Files/Pods-DribbbleTodo/Pods-DribbbleTodo-frameworks.sh\"\n";
			showEnvVarsInLog = 0;
		};
		D8BF19E9EC640C888D014A9B /* [CP] Check Pods Manifest.lock */ = {
			isa = PBXShellScriptBuildPhase;
			buildActionMask = 2147483647;
			files = (
			);
			inputFileListPaths = (
			);
			inputPaths = (
				"${PODS_PODFILE_DIR_PATH}/Podfile.lock",
				"${PODS_ROOT}/Manifest.lock",
			);
			name = "[CP] Check Pods Manifest.lock";
			outputFileListPaths = (
			);
			outputPaths = (
				"$(DERIVED_FILE_DIR)/Pods-DribbbleTodoTests-checkManifestLockResult.txt",
			);
			runOnlyForDeploymentPostprocessing = 0;
			shellPath = /bin/sh;
			shellScript = "diff \"${PODS_PODFILE_DIR_PATH}/Podfile.lock\" \"${PODS_ROOT}/Manifest.lock\" > /dev/null\nif [ $? != 0 ] ; then\n    # print error to STDERR\n    echo \"error: The sandbox is not in sync with the Podfile.lock. Run 'pod install' or update your CocoaPods installation.\" >&2\n    exit 1\nfi\n# This output is used by Xcode 'outputs' to avoid re-running this script phase.\necho \"SUCCESS\" > \"${SCRIPT_OUTPUT_FILE_0}\"\n";
			showEnvVarsInLog = 0;
		};
		EAC7835BE3B142E95C81A82B /* [CP] Check Pods Manifest.lock */ = {
			isa = PBXShellScriptBuildPhase;
			buildActionMask = 2147483647;
			files = (
			);
			inputFileListPaths = (
			);
			inputPaths = (
				"${PODS_PODFILE_DIR_PATH}/Podfile.lock",
				"${PODS_ROOT}/Manifest.lock",
			);
			name = "[CP] Check Pods Manifest.lock";
			outputFileListPaths = (
			);
			outputPaths = (
				"$(DERIVED_FILE_DIR)/Pods-DribbbleTodo-checkManifestLockResult.txt",
			);
			runOnlyForDeploymentPostprocessing = 0;
			shellPath = /bin/sh;
			shellScript = "diff \"${PODS_PODFILE_DIR_PATH}/Podfile.lock\" \"${PODS_ROOT}/Manifest.lock\" > /dev/null\nif [ $? != 0 ] ; then\n    # print error to STDERR\n    echo \"error: The sandbox is not in sync with the Podfile.lock. Run 'pod install' or update your CocoaPods installation.\" >&2\n    exit 1\nfi\n# This output is used by Xcode 'outputs' to avoid re-running this script phase.\necho \"SUCCESS\" > \"${SCRIPT_OUTPUT_FILE_0}\"\n";
			showEnvVarsInLog = 0;
		};
/* End PBXShellScriptBuildPhase section */

/* Begin PBXSourcesBuildPhase section */
		BD3C9A9522792CF600E51A34 /* Sources */ = {
			isa = PBXSourcesBuildPhase;
			buildActionMask = 2147483647;
			files = (
				BD311156227D820600FB8217 /* TaskEditViewController.swift in Sources */,
				BDE9CC16227B2B6800191DB9 /* LoginViewController.swift in Sources */,
				BDFC92792281AC2A00D0370C /* UIViewController+SafeArea.swift in Sources */,
				BD31114E227D78E600FB8217 /* UIAlertComponent.swift in Sources */,
				BD784109227B03C0001E5DEE /* main.swift in Sources */,
				BDFC928622825D5700D0370C /* TaskListContainer.swift in Sources */,
				BD3C9AE422792DD200E51A34 /* Fonts.swift in Sources */,
				BD3111BB227E7A5000FB8217 /* RoundShadowView.swift in Sources */,
				BD31117C227DCD3200FB8217 /* SwiftNameIdentifier.swift in Sources */,
				BDFC92752281ABB800D0370C /* ViewStyle.swift in Sources */,
				BD3111B7227E79FB00FB8217 /* UIColor+Random.swift in Sources */,
				BD3C9AA522792CF600E51A34 /* DribbbleTodo.xcdatamodeld in Sources */,
				BD784103227B02A6001E5DEE /* HasDisposeBag.swift in Sources */,
				BD3C9AE522792DD200E51A34 /* Plist.swift in Sources */,
				BD311176227DCB3100FB8217 /* TaskSection.swift in Sources */,
				BD3C9AE222792DD200E51A34 /* L10n.swift in Sources */,
				BD3C9AE322792DD200E51A34 /* MyColor.swift in Sources */,
				BDFC92772281ABCE00D0370C /* ViewStyle+UIButton.swift in Sources */,
				BD3111AE227E76B700FB8217 /* RootContainer.swift in Sources */,
				BDE9CC2C227B37A200191DB9 /* LoginReactor.swift in Sources */,
				BD3111B5227E79F000FB8217 /* UIView+Blur.swift in Sources */,
				BD311189227DD74A00FB8217 /* TaskServiceType.swift in Sources */,
				BD7840FF227B0220001E5DEE /* SplashReactor.swift in Sources */,
				BDE7D21322917B2C009E75D7 /* ThreadInfo.swift in Sources */,
				BD3C9A9F22792CF600E51A34 /* ViewController.swift in Sources */,
				BD3111B9227E7A0A00FB8217 /* UIView+Gradients.swift in Sources */,
				BDE9CC13227B29C300191DB9 /* UIViewController+Rx.swift in Sources */,
				BD784107227B02E4001E5DEE /* TaskListViewController.swift in Sources */,
				BD784101227B0242001E5DEE /* Logger.swift in Sources */,
				BD31117A227DCCF600FB8217 /* TaskViewCell.swift in Sources */,
				BD311158227D820F00FB8217 /* TaskEditReactor.swift in Sources */,
				BD3111AC227E767300FB8217 /* TaskEditContainer.swift in Sources */,
				BDE9CC1D227B2C9400191DB9 /* UserServiceType.swift in Sources */,
				BDD1D4A22290F88800FFCC47 /* RxRealm.swift in Sources */,
				BD3C9AE122792DD200E51A34 /* Assets.swift in Sources */,
				BD311153227D7B4A00FB8217 /* UIViewController+UIAlertViewController.swift in Sources */,
				BD311178227DCB3F00FB8217 /* TaskViewModel.swift in Sources */,
				BD311148227D669F00FB8217 /* User+Map.swift in Sources */,
				BDE7D21522918970009E75D7 /* EditingTask.swift in Sources */,
				BD7840F4227B01A4001E5DEE /* CompositionRoot.swift in Sources */,
				BDE9CC1F227B2CF200191DB9 /* UserService.swift in Sources */,
				BDD1D4A42290F8AA00FFCC47 /* RealmObserver.swift in Sources */,
				BD3C9A9D22792CF600E51A34 /* AppDelegate.swift in Sources */,
				BD311172227DC10B00FB8217 /* Encodable+Dictionary.swift in Sources */,
				BD311146227D652200FB8217 /* Me.swift in Sources */,
				BD31118B227DD7B600FB8217 /* TaskService.swift in Sources */,
				BDD1D4A6229101D900FFCC47 /* Task+ThreadSafe.swift in Sources */,
				BD7840FD227B01F5001E5DEE /* SplashViewController.swift in Sources */,
				BD311170227DBE4E00FB8217 /* Task.swift in Sources */,
				BDFC92842281D36700D0370C /* RxDispatcherSchedulers.swift in Sources */,
				BD3111B3227E79DD00FB8217 /* XibView.swift in Sources */,
				BDE9CC11227B295800191DB9 /* TaskListReactor.swift in Sources */,
				BDFC927C2281B1C700D0370C /* ConstraintViewDSL+Layout.swift in Sources */,
			);
			runOnlyForDeploymentPostprocessing = 0;
		};
		BD3C9AAC22792CF800E51A34 /* Sources */ = {
			isa = PBXSourcesBuildPhase;
			buildActionMask = 2147483647;
			files = (
				BD3111AA227E72E200FB8217 /* UICollectionView+Cell.swift in Sources */,
				BD0961DF2282ECA800B666A2 /* Task+Equal.swift in Sources */,
				BDE9CC1A227B2BA900191DB9 /* SplashReactorSpec.swift in Sources */,
				BD78410B227B04CB001E5DEE /* StubAppDelegate.swift in Sources */,
				BD0961E12282EDC800B666A2 /* TaskEditViewControllerSpec.swift in Sources */,
				BDE9CC27227B32BD00191DB9 /* SplashViewControllerSpec.swift in Sources */,
				BD311143227D61A800FB8217 /* TestError.swift in Sources */,
				BD78410D227B04F2001E5DEE /* TestConfiguration.swift in Sources */,
				BDE1BDAB227D48DA00BE2419 /* LoginViewControllerSpec.swift in Sources */,
				BD311184227DD4C200FB8217 /* RealmConfiguration.swift in Sources */,
				BD311187227DD61A00FB8217 /* TaskListViewControllerSpec.swift in Sources */,
				BDE9CC2A227B352100191DB9 /* StubUserService.swift in Sources */,
				BD3C9AB522792CF800E51A34 /* DribbbleTodoTests.swift in Sources */,
				BD3111A8227DF23F00FB8217 /* MockTaskServiceType+Mock.swift in Sources */,
				BD3111A2227DEB4200FB8217 /* Task+Random.swift in Sources */,
				BD3111A6227DF1D900FB8217 /* TaskListReactorSpec.swift in Sources */,
				BD3111A4227DEBF300FB8217 /* RandomText.swift in Sources */,
				BDE1BDA4227D3C5900BE2419 /* LoginReactorSpec.swift in Sources */,
				BDFC927F2281B71300D0370C /* TaskEditReactorSpec.swift in Sources */,
				BD0961E32282EFA900B666A2 /* RxTestDispatcherSchedulers.swift in Sources */,
				BD31119F227DEA8700FB8217 /* TaskServiceSpec.swift in Sources */,
				BDE9CC22227B2EC400191DB9 /* GeneratedMocks.swift in Sources */,
				BD31116C227D99E800FB8217 /* Date+Day.swift in Sources */,
			);
			runOnlyForDeploymentPostprocessing = 0;
		};
/* End PBXSourcesBuildPhase section */

/* Begin PBXTargetDependency section */
		BD3C9AB222792CF800E51A34 /* PBXTargetDependency */ = {
			isa = PBXTargetDependency;
			target = BD3C9A9822792CF600E51A34 /* DribbbleTodo */;
			targetProxy = BD3C9AB122792CF800E51A34 /* PBXContainerItemProxy */;
		};
/* End PBXTargetDependency section */

/* Begin PBXVariantGroup section */
		BD31114F227D799E00FB8217 /* Localizable.strings */ = {
			isa = PBXVariantGroup;
			children = (
				BD311150227D799E00FB8217 /* Base */,
			);
			name = Localizable.strings;
			sourceTree = "<group>";
		};
		BD3C9AA022792CF600E51A34 /* Main.storyboard */ = {
			isa = PBXVariantGroup;
			children = (
				BD3C9AA122792CF600E51A34 /* Base */,
			);
			name = Main.storyboard;
			sourceTree = "<group>";
		};
		BD3C9AA822792CF700E51A34 /* LaunchScreen.storyboard */ = {
			isa = PBXVariantGroup;
			children = (
				BD3C9AA922792CF700E51A34 /* Base */,
			);
			name = LaunchScreen.storyboard;
			sourceTree = "<group>";
		};
/* End PBXVariantGroup section */

/* Begin XCBuildConfiguration section */
		BD3C9AC222792CF800E51A34 /* Debug */ = {
			isa = XCBuildConfiguration;
			buildSettings = {
				ALWAYS_SEARCH_USER_PATHS = NO;
				CLANG_ANALYZER_NONNULL = YES;
				CLANG_ANALYZER_NUMBER_OBJECT_CONVERSION = YES_AGGRESSIVE;
				CLANG_CXX_LANGUAGE_STANDARD = "gnu++14";
				CLANG_CXX_LIBRARY = "libc++";
				CLANG_ENABLE_MODULES = YES;
				CLANG_ENABLE_OBJC_ARC = YES;
				CLANG_ENABLE_OBJC_WEAK = YES;
				CLANG_WARN_BLOCK_CAPTURE_AUTORELEASING = YES;
				CLANG_WARN_BOOL_CONVERSION = YES;
				CLANG_WARN_COMMA = YES;
				CLANG_WARN_CONSTANT_CONVERSION = YES;
				CLANG_WARN_DEPRECATED_OBJC_IMPLEMENTATIONS = YES;
				CLANG_WARN_DIRECT_OBJC_ISA_USAGE = YES_ERROR;
				CLANG_WARN_DOCUMENTATION_COMMENTS = YES;
				CLANG_WARN_EMPTY_BODY = YES;
				CLANG_WARN_ENUM_CONVERSION = YES;
				CLANG_WARN_INFINITE_RECURSION = YES;
				CLANG_WARN_INT_CONVERSION = YES;
				CLANG_WARN_NON_LITERAL_NULL_CONVERSION = YES;
				CLANG_WARN_OBJC_IMPLICIT_RETAIN_SELF = YES;
				CLANG_WARN_OBJC_LITERAL_CONVERSION = YES;
				CLANG_WARN_OBJC_ROOT_CLASS = YES_ERROR;
				CLANG_WARN_RANGE_LOOP_ANALYSIS = YES;
				CLANG_WARN_STRICT_PROTOTYPES = YES;
				CLANG_WARN_SUSPICIOUS_MOVE = YES;
				CLANG_WARN_UNGUARDED_AVAILABILITY = YES_AGGRESSIVE;
				CLANG_WARN_UNREACHABLE_CODE = YES;
				CLANG_WARN__DUPLICATE_METHOD_MATCH = YES;
				CODE_SIGN_IDENTITY = "iPhone Developer";
				COPY_PHASE_STRIP = NO;
				DEBUG_INFORMATION_FORMAT = dwarf;
				ENABLE_STRICT_OBJC_MSGSEND = YES;
				ENABLE_TESTABILITY = YES;
				GCC_C_LANGUAGE_STANDARD = gnu11;
				GCC_DYNAMIC_NO_PIC = NO;
				GCC_NO_COMMON_BLOCKS = YES;
				GCC_OPTIMIZATION_LEVEL = 0;
				GCC_PREPROCESSOR_DEFINITIONS = (
					"DEBUG=1",
					"$(inherited)",
				);
				GCC_WARN_64_TO_32_BIT_CONVERSION = YES;
				GCC_WARN_ABOUT_RETURN_TYPE = YES_ERROR;
				GCC_WARN_UNDECLARED_SELECTOR = YES;
				GCC_WARN_UNINITIALIZED_AUTOS = YES_AGGRESSIVE;
				GCC_WARN_UNUSED_FUNCTION = YES;
				GCC_WARN_UNUSED_VARIABLE = YES;
				IPHONEOS_DEPLOYMENT_TARGET = 10.0;
				MTL_ENABLE_DEBUG_INFO = INCLUDE_SOURCE;
				MTL_FAST_MATH = YES;
				ONLY_ACTIVE_ARCH = YES;
				SDKROOT = iphoneos;
				SWIFT_ACTIVE_COMPILATION_CONDITIONS = DEBUG;
				SWIFT_OPTIMIZATION_LEVEL = "-Onone";
			};
			name = Debug;
		};
		BD3C9AC322792CF800E51A34 /* Release */ = {
			isa = XCBuildConfiguration;
			buildSettings = {
				ALWAYS_SEARCH_USER_PATHS = NO;
				CLANG_ANALYZER_NONNULL = YES;
				CLANG_ANALYZER_NUMBER_OBJECT_CONVERSION = YES_AGGRESSIVE;
				CLANG_CXX_LANGUAGE_STANDARD = "gnu++14";
				CLANG_CXX_LIBRARY = "libc++";
				CLANG_ENABLE_MODULES = YES;
				CLANG_ENABLE_OBJC_ARC = YES;
				CLANG_ENABLE_OBJC_WEAK = YES;
				CLANG_WARN_BLOCK_CAPTURE_AUTORELEASING = YES;
				CLANG_WARN_BOOL_CONVERSION = YES;
				CLANG_WARN_COMMA = YES;
				CLANG_WARN_CONSTANT_CONVERSION = YES;
				CLANG_WARN_DEPRECATED_OBJC_IMPLEMENTATIONS = YES;
				CLANG_WARN_DIRECT_OBJC_ISA_USAGE = YES_ERROR;
				CLANG_WARN_DOCUMENTATION_COMMENTS = YES;
				CLANG_WARN_EMPTY_BODY = YES;
				CLANG_WARN_ENUM_CONVERSION = YES;
				CLANG_WARN_INFINITE_RECURSION = YES;
				CLANG_WARN_INT_CONVERSION = YES;
				CLANG_WARN_NON_LITERAL_NULL_CONVERSION = YES;
				CLANG_WARN_OBJC_IMPLICIT_RETAIN_SELF = YES;
				CLANG_WARN_OBJC_LITERAL_CONVERSION = YES;
				CLANG_WARN_OBJC_ROOT_CLASS = YES_ERROR;
				CLANG_WARN_RANGE_LOOP_ANALYSIS = YES;
				CLANG_WARN_STRICT_PROTOTYPES = YES;
				CLANG_WARN_SUSPICIOUS_MOVE = YES;
				CLANG_WARN_UNGUARDED_AVAILABILITY = YES_AGGRESSIVE;
				CLANG_WARN_UNREACHABLE_CODE = YES;
				CLANG_WARN__DUPLICATE_METHOD_MATCH = YES;
				CODE_SIGN_IDENTITY = "iPhone Developer";
				COPY_PHASE_STRIP = NO;
				DEBUG_INFORMATION_FORMAT = "dwarf-with-dsym";
				ENABLE_NS_ASSERTIONS = NO;
				ENABLE_STRICT_OBJC_MSGSEND = YES;
				GCC_C_LANGUAGE_STANDARD = gnu11;
				GCC_NO_COMMON_BLOCKS = YES;
				GCC_WARN_64_TO_32_BIT_CONVERSION = YES;
				GCC_WARN_ABOUT_RETURN_TYPE = YES_ERROR;
				GCC_WARN_UNDECLARED_SELECTOR = YES;
				GCC_WARN_UNINITIALIZED_AUTOS = YES_AGGRESSIVE;
				GCC_WARN_UNUSED_FUNCTION = YES;
				GCC_WARN_UNUSED_VARIABLE = YES;
				IPHONEOS_DEPLOYMENT_TARGET = 10.0;
				MTL_ENABLE_DEBUG_INFO = NO;
				MTL_FAST_MATH = YES;
				SDKROOT = iphoneos;
				SWIFT_COMPILATION_MODE = wholemodule;
				SWIFT_OPTIMIZATION_LEVEL = "-O";
				VALIDATE_PRODUCT = YES;
			};
			name = Release;
		};
		BD3C9AC522792CF800E51A34 /* Debug */ = {
			isa = XCBuildConfiguration;
			baseConfigurationReference = 0816C631EB36BFE551320FA8 /* Pods-DribbbleTodo.debug.xcconfig */;
			buildSettings = {
				ASSETCATALOG_COMPILER_APPICON_NAME = AppIcon;
				CODE_SIGN_STYLE = Automatic;
				DEVELOPMENT_TEAM = 576T8HK6X4;
				FRAMEWORK_SEARCH_PATHS = (
					"$(inherited)",
					"$(PROJECT_DIR)/Carthage/Build/iOS",
				);
				INFOPLIST_FILE = DribbbleTodo/Info.plist;
				LD_RUNPATH_SEARCH_PATHS = (
					"$(inherited)",
					"@executable_path/Frameworks",
				);
				PRODUCT_BUNDLE_IDENTIFIER = com.hucet.DribbbleTodo;
				PRODUCT_NAME = "$(TARGET_NAME)";
				SWIFT_VERSION = 5.0;
				TARGETED_DEVICE_FAMILY = "1,2";
			};
			name = Debug;
		};
		BD3C9AC622792CF800E51A34 /* Release */ = {
			isa = XCBuildConfiguration;
			baseConfigurationReference = B739655DA1A87115E1CE4D96 /* Pods-DribbbleTodo.release.xcconfig */;
			buildSettings = {
				ASSETCATALOG_COMPILER_APPICON_NAME = AppIcon;
				CODE_SIGN_STYLE = Automatic;
				DEVELOPMENT_TEAM = 576T8HK6X4;
				FRAMEWORK_SEARCH_PATHS = (
					"$(inherited)",
					"$(PROJECT_DIR)/Carthage/Build/iOS",
				);
				INFOPLIST_FILE = DribbbleTodo/Info.plist;
				LD_RUNPATH_SEARCH_PATHS = (
					"$(inherited)",
					"@executable_path/Frameworks",
				);
				PRODUCT_BUNDLE_IDENTIFIER = com.hucet.DribbbleTodo;
				PRODUCT_NAME = "$(TARGET_NAME)";
				SWIFT_VERSION = 5.0;
				TARGETED_DEVICE_FAMILY = "1,2";
			};
			name = Release;
		};
		BD3C9AC822792CF800E51A34 /* Debug */ = {
			isa = XCBuildConfiguration;
			baseConfigurationReference = 4C9AA46AAF51E6D15E901E73 /* Pods-DribbbleTodoTests.debug.xcconfig */;
			buildSettings = {
				ALWAYS_EMBED_SWIFT_STANDARD_LIBRARIES = "$(inherited)";
				BUNDLE_LOADER = "$(TEST_HOST)";
				CODE_SIGN_STYLE = Automatic;
				DEVELOPMENT_TEAM = 576T8HK6X4;
				FRAMEWORK_SEARCH_PATHS = (
					"$(inherited)",
					"$(PROJECT_DIR)/Carthage/Build/iOS",
				);
				INFOPLIST_FILE = DribbbleTodoTests/Info.plist;
				IPHONEOS_DEPLOYMENT_TARGET = 10.0;
				LD_RUNPATH_SEARCH_PATHS = (
					"$(inherited)",
					"@executable_path/Frameworks",
					"@loader_path/Frameworks",
				);
				PRODUCT_BUNDLE_IDENTIFIER = com.hucet.DribbbleTodoTests;
				PRODUCT_NAME = "$(TARGET_NAME)";
				SWIFT_VERSION = 5.0;
				TARGETED_DEVICE_FAMILY = "1,2";
				TEST_HOST = "$(BUILT_PRODUCTS_DIR)/DribbbleTodo.app/DribbbleTodo";
			};
			name = Debug;
		};
		BD3C9AC922792CF800E51A34 /* Release */ = {
			isa = XCBuildConfiguration;
			baseConfigurationReference = 43A5A1F95055CEDA4DEB982D /* Pods-DribbbleTodoTests.release.xcconfig */;
			buildSettings = {
				ALWAYS_EMBED_SWIFT_STANDARD_LIBRARIES = "$(inherited)";
				BUNDLE_LOADER = "$(TEST_HOST)";
				CODE_SIGN_STYLE = Automatic;
				DEVELOPMENT_TEAM = 576T8HK6X4;
				FRAMEWORK_SEARCH_PATHS = (
					"$(inherited)",
					"$(PROJECT_DIR)/Carthage/Build/iOS",
				);
				INFOPLIST_FILE = DribbbleTodoTests/Info.plist;
				IPHONEOS_DEPLOYMENT_TARGET = 10.0;
				LD_RUNPATH_SEARCH_PATHS = (
					"$(inherited)",
					"@executable_path/Frameworks",
					"@loader_path/Frameworks",
				);
				PRODUCT_BUNDLE_IDENTIFIER = com.hucet.DribbbleTodoTests;
				PRODUCT_NAME = "$(TARGET_NAME)";
				SWIFT_VERSION = 5.0;
				TARGETED_DEVICE_FAMILY = "1,2";
				TEST_HOST = "$(BUILT_PRODUCTS_DIR)/DribbbleTodo.app/DribbbleTodo";
			};
			name = Release;
		};
/* End XCBuildConfiguration section */

/* Begin XCConfigurationList section */
		BD3C9A9422792CF600E51A34 /* Build configuration list for PBXProject "DribbbleTodo" */ = {
			isa = XCConfigurationList;
			buildConfigurations = (
				BD3C9AC222792CF800E51A34 /* Debug */,
				BD3C9AC322792CF800E51A34 /* Release */,
			);
			defaultConfigurationIsVisible = 0;
			defaultConfigurationName = Release;
		};
		BD3C9AC422792CF800E51A34 /* Build configuration list for PBXNativeTarget "DribbbleTodo" */ = {
			isa = XCConfigurationList;
			buildConfigurations = (
				BD3C9AC522792CF800E51A34 /* Debug */,
				BD3C9AC622792CF800E51A34 /* Release */,
			);
			defaultConfigurationIsVisible = 0;
			defaultConfigurationName = Release;
		};
		BD3C9AC722792CF800E51A34 /* Build configuration list for PBXNativeTarget "DribbbleTodoTests" */ = {
			isa = XCConfigurationList;
			buildConfigurations = (
				BD3C9AC822792CF800E51A34 /* Debug */,
				BD3C9AC922792CF800E51A34 /* Release */,
			);
			defaultConfigurationIsVisible = 0;
			defaultConfigurationName = Release;
		};
/* End XCConfigurationList section */

/* Begin XCVersionGroup section */
		BD3C9AA322792CF600E51A34 /* DribbbleTodo.xcdatamodeld */ = {
			isa = XCVersionGroup;
			children = (
				BD3C9AA422792CF600E51A34 /* DribbbleTodo.xcdatamodel */,
			);
			currentVersion = BD3C9AA422792CF600E51A34 /* DribbbleTodo.xcdatamodel */;
			path = DribbbleTodo.xcdatamodeld;
			sourceTree = "<group>";
			versionGroupType = wrapper.xcdatamodel;
		};
/* End XCVersionGroup section */
	};
	rootObject = BD3C9A9122792CF600E51A34 /* Project object */;
}
